// !$*UTF8*$!
{
	archiveVersion = 1;
	classes = {
	};
	objectVersion = 46;
	objects = {

/* Begin PBXBuildFile section */
		57AA7FBA1FFD509100D15206 /* Finditi0.png in Resources */ = {isa = PBXBuildFile; fileRef = 57AA7F741FFD509000D15206 /* Finditi0.png */; };
		57AA7FBB1FFD509100D15206 /* Finditi1.png in Resources */ = {isa = PBXBuildFile; fileRef = 57AA7F751FFD509000D15206 /* Finditi1.png */; };
		57AA7FBC1FFD509100D15206 /* Finditi10.png in Resources */ = {isa = PBXBuildFile; fileRef = 57AA7F761FFD509000D15206 /* Finditi10.png */; };
		57AA7FBD1FFD509100D15206 /* Finditi11.png in Resources */ = {isa = PBXBuildFile; fileRef = 57AA7F771FFD509000D15206 /* Finditi11.png */; };
		57AA7FBE1FFD509100D15206 /* Finditi12.png in Resources */ = {isa = PBXBuildFile; fileRef = 57AA7F781FFD509000D15206 /* Finditi12.png */; };
		57AA7FBF1FFD509100D15206 /* Finditi13.png in Resources */ = {isa = PBXBuildFile; fileRef = 57AA7F791FFD509000D15206 /* Finditi13.png */; };
		57AA7FC01FFD509100D15206 /* Finditi14.png in Resources */ = {isa = PBXBuildFile; fileRef = 57AA7F7A1FFD509000D15206 /* Finditi14.png */; };
		57AA7FC11FFD509100D15206 /* Finditi15.png in Resources */ = {isa = PBXBuildFile; fileRef = 57AA7F7B1FFD509000D15206 /* Finditi15.png */; };
		57AA7FC21FFD509100D15206 /* Finditi16.png in Resources */ = {isa = PBXBuildFile; fileRef = 57AA7F7C1FFD509000D15206 /* Finditi16.png */; };
		57AA7FC31FFD509100D15206 /* Finditi17.png in Resources */ = {isa = PBXBuildFile; fileRef = 57AA7F7D1FFD509000D15206 /* Finditi17.png */; };
		57AA7FC41FFD509100D15206 /* Finditi18.png in Resources */ = {isa = PBXBuildFile; fileRef = 57AA7F7E1FFD509000D15206 /* Finditi18.png */; };
		57AA7FC51FFD509100D15206 /* Finditi19.png in Resources */ = {isa = PBXBuildFile; fileRef = 57AA7F7F1FFD509000D15206 /* Finditi19.png */; };
		57AA7FC61FFD509100D15206 /* Finditi2.png in Resources */ = {isa = PBXBuildFile; fileRef = 57AA7F801FFD509000D15206 /* Finditi2.png */; };
		57AA7FC71FFD509100D15206 /* Finditi20.png in Resources */ = {isa = PBXBuildFile; fileRef = 57AA7F811FFD509000D15206 /* Finditi20.png */; };
		57AA7FC81FFD509100D15206 /* Finditi21.png in Resources */ = {isa = PBXBuildFile; fileRef = 57AA7F821FFD509000D15206 /* Finditi21.png */; };
		57AA7FC91FFD509100D15206 /* Finditi22.png in Resources */ = {isa = PBXBuildFile; fileRef = 57AA7F831FFD509100D15206 /* Finditi22.png */; };
		57AA7FCA1FFD509100D15206 /* Finditi23.png in Resources */ = {isa = PBXBuildFile; fileRef = 57AA7F841FFD509100D15206 /* Finditi23.png */; };
		57AA7FCB1FFD509100D15206 /* Finditi24.png in Resources */ = {isa = PBXBuildFile; fileRef = 57AA7F851FFD509100D15206 /* Finditi24.png */; };
		57AA7FCC1FFD509100D15206 /* Finditi25.png in Resources */ = {isa = PBXBuildFile; fileRef = 57AA7F861FFD509100D15206 /* Finditi25.png */; };
		57AA7FCD1FFD509100D15206 /* Finditi26.png in Resources */ = {isa = PBXBuildFile; fileRef = 57AA7F871FFD509100D15206 /* Finditi26.png */; };
		57AA7FCE1FFD509100D15206 /* Finditi27.png in Resources */ = {isa = PBXBuildFile; fileRef = 57AA7F881FFD509100D15206 /* Finditi27.png */; };
		57AA7FCF1FFD509100D15206 /* Finditi28.png in Resources */ = {isa = PBXBuildFile; fileRef = 57AA7F891FFD509100D15206 /* Finditi28.png */; };
		57AA7FD01FFD509100D15206 /* Finditi29.png in Resources */ = {isa = PBXBuildFile; fileRef = 57AA7F8A1FFD509100D15206 /* Finditi29.png */; };
		57AA7FD11FFD509100D15206 /* Finditi3.png in Resources */ = {isa = PBXBuildFile; fileRef = 57AA7F8B1FFD509100D15206 /* Finditi3.png */; };
		57AA7FD21FFD509100D15206 /* Finditi30.png in Resources */ = {isa = PBXBuildFile; fileRef = 57AA7F8C1FFD509100D15206 /* Finditi30.png */; };
		57AA7FD31FFD509100D15206 /* Finditi31.png in Resources */ = {isa = PBXBuildFile; fileRef = 57AA7F8D1FFD509100D15206 /* Finditi31.png */; };
		57AA7FD41FFD509100D15206 /* Finditi32.png in Resources */ = {isa = PBXBuildFile; fileRef = 57AA7F8E1FFD509100D15206 /* Finditi32.png */; };
		57AA7FD51FFD509100D15206 /* Finditi33.png in Resources */ = {isa = PBXBuildFile; fileRef = 57AA7F8F1FFD509100D15206 /* Finditi33.png */; };
		57AA7FD61FFD509100D15206 /* Finditi34.png in Resources */ = {isa = PBXBuildFile; fileRef = 57AA7F901FFD509100D15206 /* Finditi34.png */; };
		57AA7FD71FFD509100D15206 /* Finditi35.png in Resources */ = {isa = PBXBuildFile; fileRef = 57AA7F911FFD509100D15206 /* Finditi35.png */; };
		57AA7FD81FFD509100D15206 /* Finditi36.png in Resources */ = {isa = PBXBuildFile; fileRef = 57AA7F921FFD509100D15206 /* Finditi36.png */; };
		57AA7FD91FFD509100D15206 /* Finditi37.png in Resources */ = {isa = PBXBuildFile; fileRef = 57AA7F931FFD509100D15206 /* Finditi37.png */; };
		57AA7FDA1FFD509100D15206 /* Finditi38.png in Resources */ = {isa = PBXBuildFile; fileRef = 57AA7F941FFD509100D15206 /* Finditi38.png */; };
		57AA7FDB1FFD509100D15206 /* Finditi39.png in Resources */ = {isa = PBXBuildFile; fileRef = 57AA7F951FFD509100D15206 /* Finditi39.png */; };
		57AA7FDC1FFD509100D15206 /* Finditi4.png in Resources */ = {isa = PBXBuildFile; fileRef = 57AA7F961FFD509100D15206 /* Finditi4.png */; };
		57AA7FDD1FFD509100D15206 /* Finditi40.png in Resources */ = {isa = PBXBuildFile; fileRef = 57AA7F971FFD509100D15206 /* Finditi40.png */; };
		57AA7FDE1FFD509100D15206 /* Finditi41.png in Resources */ = {isa = PBXBuildFile; fileRef = 57AA7F981FFD509100D15206 /* Finditi41.png */; };
		57AA7FDF1FFD509100D15206 /* Finditi42.png in Resources */ = {isa = PBXBuildFile; fileRef = 57AA7F991FFD509100D15206 /* Finditi42.png */; };
		57AA7FE01FFD509100D15206 /* Finditi43.png in Resources */ = {isa = PBXBuildFile; fileRef = 57AA7F9A1FFD509100D15206 /* Finditi43.png */; };
		57AA7FE11FFD509100D15206 /* Finditi44.png in Resources */ = {isa = PBXBuildFile; fileRef = 57AA7F9B1FFD509100D15206 /* Finditi44.png */; };
		57AA7FE21FFD509100D15206 /* Finditi45.png in Resources */ = {isa = PBXBuildFile; fileRef = 57AA7F9C1FFD509100D15206 /* Finditi45.png */; };
		57AA7FE31FFD509100D15206 /* Finditi46.png in Resources */ = {isa = PBXBuildFile; fileRef = 57AA7F9D1FFD509100D15206 /* Finditi46.png */; };
		57AA7FE41FFD509100D15206 /* Finditi47.png in Resources */ = {isa = PBXBuildFile; fileRef = 57AA7F9E1FFD509100D15206 /* Finditi47.png */; };
		57AA7FE51FFD509100D15206 /* Finditi48.png in Resources */ = {isa = PBXBuildFile; fileRef = 57AA7F9F1FFD509100D15206 /* Finditi48.png */; };
		57AA7FE61FFD509100D15206 /* Finditi49.png in Resources */ = {isa = PBXBuildFile; fileRef = 57AA7FA01FFD509100D15206 /* Finditi49.png */; };
		57AA7FE71FFD509100D15206 /* Finditi5.png in Resources */ = {isa = PBXBuildFile; fileRef = 57AA7FA11FFD509100D15206 /* Finditi5.png */; };
		57AA7FE81FFD509100D15206 /* Finditi50.png in Resources */ = {isa = PBXBuildFile; fileRef = 57AA7FA21FFD509100D15206 /* Finditi50.png */; };
		57AA7FE91FFD509100D15206 /* Finditi51.png in Resources */ = {isa = PBXBuildFile; fileRef = 57AA7FA31FFD509100D15206 /* Finditi51.png */; };
		57AA7FEA1FFD509100D15206 /* Finditi52.png in Resources */ = {isa = PBXBuildFile; fileRef = 57AA7FA41FFD509100D15206 /* Finditi52.png */; };
		57AA7FEB1FFD509100D15206 /* Finditi53.png in Resources */ = {isa = PBXBuildFile; fileRef = 57AA7FA51FFD509100D15206 /* Finditi53.png */; };
		57AA7FEC1FFD509100D15206 /* Finditi54.png in Resources */ = {isa = PBXBuildFile; fileRef = 57AA7FA61FFD509100D15206 /* Finditi54.png */; };
		57AA7FED1FFD509100D15206 /* Finditi55.png in Resources */ = {isa = PBXBuildFile; fileRef = 57AA7FA71FFD509100D15206 /* Finditi55.png */; };
		57AA7FEE1FFD509100D15206 /* Finditi56.png in Resources */ = {isa = PBXBuildFile; fileRef = 57AA7FA81FFD509100D15206 /* Finditi56.png */; };
		57AA7FEF1FFD509100D15206 /* Finditi57.png in Resources */ = {isa = PBXBuildFile; fileRef = 57AA7FA91FFD509100D15206 /* Finditi57.png */; };
		57AA7FF01FFD509100D15206 /* Finditi58.png in Resources */ = {isa = PBXBuildFile; fileRef = 57AA7FAA1FFD509100D15206 /* Finditi58.png */; };
		57AA7FF11FFD509100D15206 /* Finditi59.png in Resources */ = {isa = PBXBuildFile; fileRef = 57AA7FAB1FFD509100D15206 /* Finditi59.png */; };
		57AA7FF21FFD509100D15206 /* Finditi6.png in Resources */ = {isa = PBXBuildFile; fileRef = 57AA7FAC1FFD509100D15206 /* Finditi6.png */; };
		57AA7FF31FFD509100D15206 /* Finditi60.png in Resources */ = {isa = PBXBuildFile; fileRef = 57AA7FAD1FFD509100D15206 /* Finditi60.png */; };
		57AA7FF41FFD509100D15206 /* Finditi61.png in Resources */ = {isa = PBXBuildFile; fileRef = 57AA7FAE1FFD509100D15206 /* Finditi61.png */; };
		57AA7FF51FFD509100D15206 /* Finditi62.png in Resources */ = {isa = PBXBuildFile; fileRef = 57AA7FAF1FFD509100D15206 /* Finditi62.png */; };
		57AA7FF61FFD509100D15206 /* Finditi63.png in Resources */ = {isa = PBXBuildFile; fileRef = 57AA7FB01FFD509100D15206 /* Finditi63.png */; };
		57AA7FF71FFD509100D15206 /* Finditi64.png in Resources */ = {isa = PBXBuildFile; fileRef = 57AA7FB11FFD509100D15206 /* Finditi64.png */; };
		57AA7FF81FFD509100D15206 /* Finditi65.png in Resources */ = {isa = PBXBuildFile; fileRef = 57AA7FB21FFD509100D15206 /* Finditi65.png */; };
		57AA7FF91FFD509100D15206 /* Finditi66.png in Resources */ = {isa = PBXBuildFile; fileRef = 57AA7FB31FFD509100D15206 /* Finditi66.png */; };
		57AA7FFA1FFD509100D15206 /* Finditi67.png in Resources */ = {isa = PBXBuildFile; fileRef = 57AA7FB41FFD509100D15206 /* Finditi67.png */; };
		57AA7FFB1FFD509100D15206 /* Finditi68.png in Resources */ = {isa = PBXBuildFile; fileRef = 57AA7FB51FFD509100D15206 /* Finditi68.png */; };
		57AA7FFC1FFD509100D15206 /* Finditi69.png in Resources */ = {isa = PBXBuildFile; fileRef = 57AA7FB61FFD509100D15206 /* Finditi69.png */; };
		57AA7FFD1FFD509100D15206 /* Finditi7.png in Resources */ = {isa = PBXBuildFile; fileRef = 57AA7FB71FFD509100D15206 /* Finditi7.png */; };
		57AA7FFE1FFD509100D15206 /* Finditi8.png in Resources */ = {isa = PBXBuildFile; fileRef = 57AA7FB81FFD509100D15206 /* Finditi8.png */; };
		57AA7FFF1FFD509100D15206 /* Finditi9.png in Resources */ = {isa = PBXBuildFile; fileRef = 57AA7FB91FFD509100D15206 /* Finditi9.png */; };
		57B23EFC1FFD5C5B00228127 /* ani0.png in Resources */ = {isa = PBXBuildFile; fileRef = 57B23EB61FFD5C5B00228127 /* ani0.png */; };
		57B23EFD1FFD5C5B00228127 /* ani1.png in Resources */ = {isa = PBXBuildFile; fileRef = 57B23EB71FFD5C5B00228127 /* ani1.png */; };
		57B23EFE1FFD5C5B00228127 /* ani10.png in Resources */ = {isa = PBXBuildFile; fileRef = 57B23EB81FFD5C5B00228127 /* ani10.png */; };
		57B23EFF1FFD5C5B00228127 /* ani11.png in Resources */ = {isa = PBXBuildFile; fileRef = 57B23EB91FFD5C5B00228127 /* ani11.png */; };
		57B23F001FFD5C5B00228127 /* ani12.png in Resources */ = {isa = PBXBuildFile; fileRef = 57B23EBA1FFD5C5B00228127 /* ani12.png */; };
		57B23F011FFD5C5B00228127 /* ani13.png in Resources */ = {isa = PBXBuildFile; fileRef = 57B23EBB1FFD5C5B00228127 /* ani13.png */; };
		57B23F021FFD5C5B00228127 /* ani14.png in Resources */ = {isa = PBXBuildFile; fileRef = 57B23EBC1FFD5C5B00228127 /* ani14.png */; };
		57B23F031FFD5C5B00228127 /* ani15.png in Resources */ = {isa = PBXBuildFile; fileRef = 57B23EBD1FFD5C5B00228127 /* ani15.png */; };
		57B23F041FFD5C5B00228127 /* ani16.png in Resources */ = {isa = PBXBuildFile; fileRef = 57B23EBE1FFD5C5B00228127 /* ani16.png */; };
		57B23F051FFD5C5B00228127 /* ani17.png in Resources */ = {isa = PBXBuildFile; fileRef = 57B23EBF1FFD5C5B00228127 /* ani17.png */; };
		57B23F061FFD5C5B00228127 /* ani18.png in Resources */ = {isa = PBXBuildFile; fileRef = 57B23EC01FFD5C5B00228127 /* ani18.png */; };
		57B23F071FFD5C5B00228127 /* ani19.png in Resources */ = {isa = PBXBuildFile; fileRef = 57B23EC11FFD5C5B00228127 /* ani19.png */; };
		57B23F081FFD5C5B00228127 /* ani2.png in Resources */ = {isa = PBXBuildFile; fileRef = 57B23EC21FFD5C5B00228127 /* ani2.png */; };
		57B23F091FFD5C5B00228127 /* ani20.png in Resources */ = {isa = PBXBuildFile; fileRef = 57B23EC31FFD5C5B00228127 /* ani20.png */; };
		57B23F0A1FFD5C5B00228127 /* ani21.png in Resources */ = {isa = PBXBuildFile; fileRef = 57B23EC41FFD5C5B00228127 /* ani21.png */; };
		57B23F0B1FFD5C5B00228127 /* ani22.png in Resources */ = {isa = PBXBuildFile; fileRef = 57B23EC51FFD5C5B00228127 /* ani22.png */; };
		57B23F0C1FFD5C5B00228127 /* ani23.png in Resources */ = {isa = PBXBuildFile; fileRef = 57B23EC61FFD5C5B00228127 /* ani23.png */; };
		57B23F0D1FFD5C5B00228127 /* ani24.png in Resources */ = {isa = PBXBuildFile; fileRef = 57B23EC71FFD5C5B00228127 /* ani24.png */; };
		57B23F0E1FFD5C5B00228127 /* ani25.png in Resources */ = {isa = PBXBuildFile; fileRef = 57B23EC81FFD5C5B00228127 /* ani25.png */; };
		57B23F0F1FFD5C5B00228127 /* ani26.png in Resources */ = {isa = PBXBuildFile; fileRef = 57B23EC91FFD5C5B00228127 /* ani26.png */; };
		57B23F101FFD5C5B00228127 /* ani27.png in Resources */ = {isa = PBXBuildFile; fileRef = 57B23ECA1FFD5C5B00228127 /* ani27.png */; };
		57B23F111FFD5C5B00228127 /* ani28.png in Resources */ = {isa = PBXBuildFile; fileRef = 57B23ECB1FFD5C5B00228127 /* ani28.png */; };
		57B23F121FFD5C5B00228127 /* ani29.png in Resources */ = {isa = PBXBuildFile; fileRef = 57B23ECC1FFD5C5B00228127 /* ani29.png */; };
		57B23F131FFD5C5B00228127 /* ani3.png in Resources */ = {isa = PBXBuildFile; fileRef = 57B23ECD1FFD5C5B00228127 /* ani3.png */; };
		57B23F141FFD5C5B00228127 /* ani30.png in Resources */ = {isa = PBXBuildFile; fileRef = 57B23ECE1FFD5C5B00228127 /* ani30.png */; };
		57B23F151FFD5C5B00228127 /* ani31.png in Resources */ = {isa = PBXBuildFile; fileRef = 57B23ECF1FFD5C5B00228127 /* ani31.png */; };
		57B23F161FFD5C5B00228127 /* ani32.png in Resources */ = {isa = PBXBuildFile; fileRef = 57B23ED01FFD5C5B00228127 /* ani32.png */; };
		57B23F171FFD5C5B00228127 /* ani33.png in Resources */ = {isa = PBXBuildFile; fileRef = 57B23ED11FFD5C5B00228127 /* ani33.png */; };
		57B23F181FFD5C5B00228127 /* ani34.png in Resources */ = {isa = PBXBuildFile; fileRef = 57B23ED21FFD5C5B00228127 /* ani34.png */; };
		57B23F191FFD5C5B00228127 /* ani35.png in Resources */ = {isa = PBXBuildFile; fileRef = 57B23ED31FFD5C5B00228127 /* ani35.png */; };
		57B23F1A1FFD5C5B00228127 /* ani36.png in Resources */ = {isa = PBXBuildFile; fileRef = 57B23ED41FFD5C5B00228127 /* ani36.png */; };
		57B23F1B1FFD5C5B00228127 /* ani37.png in Resources */ = {isa = PBXBuildFile; fileRef = 57B23ED51FFD5C5B00228127 /* ani37.png */; };
		57B23F1C1FFD5C5B00228127 /* ani38.png in Resources */ = {isa = PBXBuildFile; fileRef = 57B23ED61FFD5C5B00228127 /* ani38.png */; };
		57B23F1D1FFD5C5B00228127 /* ani39.png in Resources */ = {isa = PBXBuildFile; fileRef = 57B23ED71FFD5C5B00228127 /* ani39.png */; };
		57B23F1E1FFD5C5B00228127 /* ani4.png in Resources */ = {isa = PBXBuildFile; fileRef = 57B23ED81FFD5C5B00228127 /* ani4.png */; };
		57B23F1F1FFD5C5B00228127 /* ani40.png in Resources */ = {isa = PBXBuildFile; fileRef = 57B23ED91FFD5C5B00228127 /* ani40.png */; };
		57B23F201FFD5C5B00228127 /* ani41.png in Resources */ = {isa = PBXBuildFile; fileRef = 57B23EDA1FFD5C5B00228127 /* ani41.png */; };
		57B23F211FFD5C5B00228127 /* ani42.png in Resources */ = {isa = PBXBuildFile; fileRef = 57B23EDB1FFD5C5B00228127 /* ani42.png */; };
		57B23F221FFD5C5B00228127 /* ani43.png in Resources */ = {isa = PBXBuildFile; fileRef = 57B23EDC1FFD5C5B00228127 /* ani43.png */; };
		57B23F231FFD5C5B00228127 /* ani44.png in Resources */ = {isa = PBXBuildFile; fileRef = 57B23EDD1FFD5C5B00228127 /* ani44.png */; };
		57B23F241FFD5C5B00228127 /* ani45.png in Resources */ = {isa = PBXBuildFile; fileRef = 57B23EDE1FFD5C5B00228127 /* ani45.png */; };
		57B23F251FFD5C5B00228127 /* ani46.png in Resources */ = {isa = PBXBuildFile; fileRef = 57B23EDF1FFD5C5B00228127 /* ani46.png */; };
		57B23F261FFD5C5B00228127 /* ani47.png in Resources */ = {isa = PBXBuildFile; fileRef = 57B23EE01FFD5C5B00228127 /* ani47.png */; };
		57B23F271FFD5C5B00228127 /* ani48.png in Resources */ = {isa = PBXBuildFile; fileRef = 57B23EE11FFD5C5B00228127 /* ani48.png */; };
		57B23F281FFD5C5B00228127 /* ani49.png in Resources */ = {isa = PBXBuildFile; fileRef = 57B23EE21FFD5C5B00228127 /* ani49.png */; };
		57B23F291FFD5C5B00228127 /* ani5.png in Resources */ = {isa = PBXBuildFile; fileRef = 57B23EE31FFD5C5B00228127 /* ani5.png */; };
		57B23F2A1FFD5C5B00228127 /* ani50.png in Resources */ = {isa = PBXBuildFile; fileRef = 57B23EE41FFD5C5B00228127 /* ani50.png */; };
		57B23F2B1FFD5C5B00228127 /* ani51.png in Resources */ = {isa = PBXBuildFile; fileRef = 57B23EE51FFD5C5B00228127 /* ani51.png */; };
		57B23F2C1FFD5C5B00228127 /* ani52.png in Resources */ = {isa = PBXBuildFile; fileRef = 57B23EE61FFD5C5B00228127 /* ani52.png */; };
		57B23F2D1FFD5C5B00228127 /* ani53.png in Resources */ = {isa = PBXBuildFile; fileRef = 57B23EE71FFD5C5B00228127 /* ani53.png */; };
		57B23F2E1FFD5C5B00228127 /* ani54.png in Resources */ = {isa = PBXBuildFile; fileRef = 57B23EE81FFD5C5B00228127 /* ani54.png */; };
		57B23F2F1FFD5C5B00228127 /* ani55.png in Resources */ = {isa = PBXBuildFile; fileRef = 57B23EE91FFD5C5B00228127 /* ani55.png */; };
		57B23F301FFD5C5B00228127 /* ani56.png in Resources */ = {isa = PBXBuildFile; fileRef = 57B23EEA1FFD5C5B00228127 /* ani56.png */; };
		57B23F311FFD5C5B00228127 /* ani57.png in Resources */ = {isa = PBXBuildFile; fileRef = 57B23EEB1FFD5C5B00228127 /* ani57.png */; };
		57B23F321FFD5C5B00228127 /* ani58.png in Resources */ = {isa = PBXBuildFile; fileRef = 57B23EEC1FFD5C5B00228127 /* ani58.png */; };
		57B23F331FFD5C5B00228127 /* ani59.png in Resources */ = {isa = PBXBuildFile; fileRef = 57B23EED1FFD5C5B00228127 /* ani59.png */; };
		57B23F341FFD5C5B00228127 /* ani6.png in Resources */ = {isa = PBXBuildFile; fileRef = 57B23EEE1FFD5C5B00228127 /* ani6.png */; };
		57B23F351FFD5C5B00228127 /* ani60.png in Resources */ = {isa = PBXBuildFile; fileRef = 57B23EEF1FFD5C5B00228127 /* ani60.png */; };
		57B23F361FFD5C5B00228127 /* ani61.png in Resources */ = {isa = PBXBuildFile; fileRef = 57B23EF01FFD5C5B00228127 /* ani61.png */; };
		57B23F371FFD5C5B00228127 /* ani62.png in Resources */ = {isa = PBXBuildFile; fileRef = 57B23EF11FFD5C5B00228127 /* ani62.png */; };
		57B23F381FFD5C5B00228127 /* ani63.png in Resources */ = {isa = PBXBuildFile; fileRef = 57B23EF21FFD5C5B00228127 /* ani63.png */; };
		57B23F391FFD5C5B00228127 /* ani64.png in Resources */ = {isa = PBXBuildFile; fileRef = 57B23EF31FFD5C5B00228127 /* ani64.png */; };
		57B23F3A1FFD5C5B00228127 /* ani65.png in Resources */ = {isa = PBXBuildFile; fileRef = 57B23EF41FFD5C5B00228127 /* ani65.png */; };
		57B23F3B1FFD5C5B00228127 /* ani66.png in Resources */ = {isa = PBXBuildFile; fileRef = 57B23EF51FFD5C5B00228127 /* ani66.png */; };
		57B23F3C1FFD5C5B00228127 /* ani67.png in Resources */ = {isa = PBXBuildFile; fileRef = 57B23EF61FFD5C5B00228127 /* ani67.png */; };
		57B23F3D1FFD5C5B00228127 /* ani68.png in Resources */ = {isa = PBXBuildFile; fileRef = 57B23EF71FFD5C5B00228127 /* ani68.png */; };
		57B23F3E1FFD5C5B00228127 /* ani69.png in Resources */ = {isa = PBXBuildFile; fileRef = 57B23EF81FFD5C5B00228127 /* ani69.png */; };
		57B23F3F1FFD5C5B00228127 /* ani7.png in Resources */ = {isa = PBXBuildFile; fileRef = 57B23EF91FFD5C5B00228127 /* ani7.png */; };
		57B23F401FFD5C5B00228127 /* ani8.png in Resources */ = {isa = PBXBuildFile; fileRef = 57B23EFA1FFD5C5B00228127 /* ani8.png */; };
		57B23F411FFD5C5B00228127 /* ani9.png in Resources */ = {isa = PBXBuildFile; fileRef = 57B23EFB1FFD5C5B00228127 /* ani9.png */; };
		7B17CF931FAC76F000394879 /* TabBarController.swift in Sources */ = {isa = PBXBuildFile; fileRef = 7B17CF921FAC76F000394879 /* TabBarController.swift */; };
		7B17CF951FAC773B00394879 /* AddItemController.swift in Sources */ = {isa = PBXBuildFile; fileRef = 7B17CF941FAC773B00394879 /* AddItemController.swift */; };
		7B17CF971FAC775700394879 /* LoginRegister.swift in Sources */ = {isa = PBXBuildFile; fileRef = 7B17CF961FAC775700394879 /* LoginRegister.swift */; };
		7B17CF991FAC776A00394879 /* PostInfo.swift in Sources */ = {isa = PBXBuildFile; fileRef = 7B17CF981FAC776A00394879 /* PostInfo.swift */; };
		7B17CF9D1FAC77B400394879 /* Chat.swift in Sources */ = {isa = PBXBuildFile; fileRef = 7B17CF9C1FAC77B400394879 /* Chat.swift */; };
		7B17CFA01FAC77D900394879 /* Userr.swift in Sources */ = {isa = PBXBuildFile; fileRef = 7B17CF9F1FAC77D900394879 /* Userr.swift */; };
		7B17CFA21FAC77F000394879 /* EveryUser.swift in Sources */ = {isa = PBXBuildFile; fileRef = 7B17CFA11FAC77F000394879 /* EveryUser.swift */; };
		7B17CFA41FAC780300394879 /* Messages.swift in Sources */ = {isa = PBXBuildFile; fileRef = 7B17CFA31FAC780300394879 /* Messages.swift */; };
		7B17CFA61FAC782300394879 /* Extensions.swift in Sources */ = {isa = PBXBuildFile; fileRef = 7B17CFA51FAC782300394879 /* Extensions.swift */; };
		7B17CFAD1FAC788700394879 /* MessagesController.swift in Sources */ = {isa = PBXBuildFile; fileRef = 7B17CFAC1FAC788700394879 /* MessagesController.swift */; };
		7B17CFB21FAC78BE00394879 /* MessagesCell.swift in Sources */ = {isa = PBXBuildFile; fileRef = 7B17CFB11FAC78BE00394879 /* MessagesCell.swift */; };
		7B17CFB41FAC78CE00394879 /* InfoCell.swift in Sources */ = {isa = PBXBuildFile; fileRef = 7B17CFB31FAC78CE00394879 /* InfoCell.swift */; };
		7B17CFB61FAC78E400394879 /* PostInfoCell.swift in Sources */ = {isa = PBXBuildFile; fileRef = 7B17CFB51FAC78E400394879 /* PostInfoCell.swift */; };
		7B18EF101FAF2C6A007742F4 /* FoundItemsMap.swift in Sources */ = {isa = PBXBuildFile; fileRef = 7B18EF0F1FAF2C6A007742F4 /* FoundItemsMap.swift */; };
		7B3A4D181FB89EAD00E5DDBF /* Model.xcdatamodeld in Sources */ = {isa = PBXBuildFile; fileRef = 7B3A4D161FB89EAD00E5DDBF /* Model.xcdatamodeld */; };
		7B45D7BB1FED075A00A5A6A6 /* NewSearchResults.swift in Sources */ = {isa = PBXBuildFile; fileRef = 7B45D7BA1FED075A00A5A6A6 /* NewSearchResults.swift */; };
		7B45D7BD1FED433C00A5A6A6 /* SearchedFoundCell.swift in Sources */ = {isa = PBXBuildFile; fileRef = 7B45D7BC1FED433C00A5A6A6 /* SearchedFoundCell.swift */; };
		7B45D7BF1FED738100A5A6A6 /* SearchedLostCell.swift in Sources */ = {isa = PBXBuildFile; fileRef = 7B45D7BE1FED738100A5A6A6 /* SearchedLostCell.swift */; };
		7B4B06B61FC5DA5D005320B0 /* PostInfoStuff.swift in Sources */ = {isa = PBXBuildFile; fileRef = 7B4B06B51FC5DA5D005320B0 /* PostInfoStuff.swift */; };
		7B4D597F1FD9643A001C2310 /* GoogleMobileAds.framework in Frameworks */ = {isa = PBXBuildFile; fileRef = 7B4D597E1FD9643A001C2310 /* GoogleMobileAds.framework */; };
		7B69D0A61FD96E5A0073D6BB /* GoogleService-Info.plist in Resources */ = {isa = PBXBuildFile; fileRef = 7B69D0A51FD96E5A0073D6BB /* GoogleService-Info.plist */; };
		7B7E851A1FD6CAF80085C8F9 /* FollowedItems.swift in Sources */ = {isa = PBXBuildFile; fileRef = 7B7E85191FD6CAF80085C8F9 /* FollowedItems.swift */; };
		7B81EF8D1FBEF06E0036F982 /* AddCommentController.swift in Sources */ = {isa = PBXBuildFile; fileRef = 7B81EF8C1FBEF06E0036F982 /* AddCommentController.swift */; };
		7B8F4C141FAC73D300E61996 /* AppDelegate.swift in Sources */ = {isa = PBXBuildFile; fileRef = 7B8F4C131FAC73D300E61996 /* AppDelegate.swift */; };
		7B8F4C191FAC73D300E61996 /* Main.storyboard in Resources */ = {isa = PBXBuildFile; fileRef = 7B8F4C171FAC73D300E61996 /* Main.storyboard */; };
		7B8F4C1B1FAC73D300E61996 /* Assets.xcassets in Resources */ = {isa = PBXBuildFile; fileRef = 7B8F4C1A1FAC73D300E61996 /* Assets.xcassets */; };
		7B8F4C1E1FAC73D300E61996 /* LaunchScreen.storyboard in Resources */ = {isa = PBXBuildFile; fileRef = 7B8F4C1C1FAC73D300E61996 /* LaunchScreen.storyboard */; };
		7BA44FC61FB115EE00667DA6 /* NavController.swift in Sources */ = {isa = PBXBuildFile; fileRef = 7BA44FC51FB115EE00667DA6 /* NavController.swift */; };
		7BA44FCA1FB1CAEC00667DA6 /* MoreCell.swift in Sources */ = {isa = PBXBuildFile; fileRef = 7BA44FC91FB1CAEC00667DA6 /* MoreCell.swift */; };
		7BB5AAF31FADDC86004BA02F /* MapController.swift in Sources */ = {isa = PBXBuildFile; fileRef = 7BB5AAF21FADDC86004BA02F /* MapController.swift */; };
		7BBF48B31FC8735F005414C1 /* AllItemsCollectionViewCell.swift in Sources */ = {isa = PBXBuildFile; fileRef = 7BBF48B21FC8735F005414C1 /* AllItemsCollectionViewCell.swift */; };
		7BBF48B71FC8759E005414C1 /* FirstPage.swift in Sources */ = {isa = PBXBuildFile; fileRef = 7BBF48B61FC8759E005414C1 /* FirstPage.swift */; };
		7BBF48B91FC8798D005414C1 /* AllItemsTableViewCell.swift in Sources */ = {isa = PBXBuildFile; fileRef = 7BBF48B81FC8798D005414C1 /* AllItemsTableViewCell.swift */; };
		7BBF48BB1FC9843D005414C1 /* Variables.swift in Sources */ = {isa = PBXBuildFile; fileRef = 7BBF48BA1FC9843D005414C1 /* Variables.swift */; };
		7BC2F9031FD033E900D0AE88 /* SearchResults.swift in Sources */ = {isa = PBXBuildFile; fileRef = 7BC2F9021FD033E900D0AE88 /* SearchResults.swift */; };
		7BDEA9A51FEA67FE0090CB79 /* MyItemsCell.swift in Sources */ = {isa = PBXBuildFile; fileRef = 7BDEA9A41FEA67FE0090CB79 /* MyItemsCell.swift */; };
		7BE2B0721FCB0E6500418B11 /* AllLostItems.swift in Sources */ = {isa = PBXBuildFile; fileRef = 7BE2B0711FCB0E6500418B11 /* AllLostItems.swift */; };
		7BEB4BF31FCD894300D1B990 /* SecondPage.swift in Sources */ = {isa = PBXBuildFile; fileRef = 7BEB4BF21FCD894300D1B990 /* SecondPage.swift */; };
		7BEB4BF51FCD8B7500D1B990 /* MyCell.swift in Sources */ = {isa = PBXBuildFile; fileRef = 7BEB4BF41FCD8B7500D1B990 /* MyCell.swift */; };
		8D3EA7F3FA42ABBE1D70FE04 /* Pods_FindIt_xcode_8_3.framework in Frameworks */ = {isa = PBXBuildFile; fileRef = 0459CB7FF908CE1564249014 /* Pods_FindIt_xcode_8_3.framework */; };
/* End PBXBuildFile section */

/* Begin PBXFileReference section */
		0459CB7FF908CE1564249014 /* Pods_FindIt_xcode_8_3.framework */ = {isa = PBXFileReference; explicitFileType = wrapper.framework; includeInIndex = 0; path = Pods_FindIt_xcode_8_3.framework; sourceTree = BUILT_PRODUCTS_DIR; };
		57AA7F741FFD509000D15206 /* Finditi0.png */ = {isa = PBXFileReference; lastKnownFileType = image.png; path = Finditi0.png; sourceTree = "<group>"; };
		57AA7F751FFD509000D15206 /* Finditi1.png */ = {isa = PBXFileReference; lastKnownFileType = image.png; path = Finditi1.png; sourceTree = "<group>"; };
		57AA7F761FFD509000D15206 /* Finditi10.png */ = {isa = PBXFileReference; lastKnownFileType = image.png; path = Finditi10.png; sourceTree = "<group>"; };
		57AA7F771FFD509000D15206 /* Finditi11.png */ = {isa = PBXFileReference; lastKnownFileType = image.png; path = Finditi11.png; sourceTree = "<group>"; };
		57AA7F781FFD509000D15206 /* Finditi12.png */ = {isa = PBXFileReference; lastKnownFileType = image.png; path = Finditi12.png; sourceTree = "<group>"; };
		57AA7F791FFD509000D15206 /* Finditi13.png */ = {isa = PBXFileReference; lastKnownFileType = image.png; path = Finditi13.png; sourceTree = "<group>"; };
		57AA7F7A1FFD509000D15206 /* Finditi14.png */ = {isa = PBXFileReference; lastKnownFileType = image.png; path = Finditi14.png; sourceTree = "<group>"; };
		57AA7F7B1FFD509000D15206 /* Finditi15.png */ = {isa = PBXFileReference; lastKnownFileType = image.png; path = Finditi15.png; sourceTree = "<group>"; };
		57AA7F7C1FFD509000D15206 /* Finditi16.png */ = {isa = PBXFileReference; lastKnownFileType = image.png; path = Finditi16.png; sourceTree = "<group>"; };
		57AA7F7D1FFD509000D15206 /* Finditi17.png */ = {isa = PBXFileReference; lastKnownFileType = image.png; path = Finditi17.png; sourceTree = "<group>"; };
		57AA7F7E1FFD509000D15206 /* Finditi18.png */ = {isa = PBXFileReference; lastKnownFileType = image.png; path = Finditi18.png; sourceTree = "<group>"; };
		57AA7F7F1FFD509000D15206 /* Finditi19.png */ = {isa = PBXFileReference; lastKnownFileType = image.png; path = Finditi19.png; sourceTree = "<group>"; };
		57AA7F801FFD509000D15206 /* Finditi2.png */ = {isa = PBXFileReference; lastKnownFileType = image.png; path = Finditi2.png; sourceTree = "<group>"; };
		57AA7F811FFD509000D15206 /* Finditi20.png */ = {isa = PBXFileReference; lastKnownFileType = image.png; path = Finditi20.png; sourceTree = "<group>"; };
		57AA7F821FFD509000D15206 /* Finditi21.png */ = {isa = PBXFileReference; lastKnownFileType = image.png; path = Finditi21.png; sourceTree = "<group>"; };
		57AA7F831FFD509100D15206 /* Finditi22.png */ = {isa = PBXFileReference; lastKnownFileType = image.png; path = Finditi22.png; sourceTree = "<group>"; };
		57AA7F841FFD509100D15206 /* Finditi23.png */ = {isa = PBXFileReference; lastKnownFileType = image.png; path = Finditi23.png; sourceTree = "<group>"; };
		57AA7F851FFD509100D15206 /* Finditi24.png */ = {isa = PBXFileReference; lastKnownFileType = image.png; path = Finditi24.png; sourceTree = "<group>"; };
		57AA7F861FFD509100D15206 /* Finditi25.png */ = {isa = PBXFileReference; lastKnownFileType = image.png; path = Finditi25.png; sourceTree = "<group>"; };
		57AA7F871FFD509100D15206 /* Finditi26.png */ = {isa = PBXFileReference; lastKnownFileType = image.png; path = Finditi26.png; sourceTree = "<group>"; };
		57AA7F881FFD509100D15206 /* Finditi27.png */ = {isa = PBXFileReference; lastKnownFileType = image.png; path = Finditi27.png; sourceTree = "<group>"; };
		57AA7F891FFD509100D15206 /* Finditi28.png */ = {isa = PBXFileReference; lastKnownFileType = image.png; path = Finditi28.png; sourceTree = "<group>"; };
		57AA7F8A1FFD509100D15206 /* Finditi29.png */ = {isa = PBXFileReference; lastKnownFileType = image.png; path = Finditi29.png; sourceTree = "<group>"; };
		57AA7F8B1FFD509100D15206 /* Finditi3.png */ = {isa = PBXFileReference; lastKnownFileType = image.png; path = Finditi3.png; sourceTree = "<group>"; };
		57AA7F8C1FFD509100D15206 /* Finditi30.png */ = {isa = PBXFileReference; lastKnownFileType = image.png; path = Finditi30.png; sourceTree = "<group>"; };
		57AA7F8D1FFD509100D15206 /* Finditi31.png */ = {isa = PBXFileReference; lastKnownFileType = image.png; path = Finditi31.png; sourceTree = "<group>"; };
		57AA7F8E1FFD509100D15206 /* Finditi32.png */ = {isa = PBXFileReference; lastKnownFileType = image.png; path = Finditi32.png; sourceTree = "<group>"; };
		57AA7F8F1FFD509100D15206 /* Finditi33.png */ = {isa = PBXFileReference; lastKnownFileType = image.png; path = Finditi33.png; sourceTree = "<group>"; };
		57AA7F901FFD509100D15206 /* Finditi34.png */ = {isa = PBXFileReference; lastKnownFileType = image.png; path = Finditi34.png; sourceTree = "<group>"; };
		57AA7F911FFD509100D15206 /* Finditi35.png */ = {isa = PBXFileReference; lastKnownFileType = image.png; path = Finditi35.png; sourceTree = "<group>"; };
		57AA7F921FFD509100D15206 /* Finditi36.png */ = {isa = PBXFileReference; lastKnownFileType = image.png; path = Finditi36.png; sourceTree = "<group>"; };
		57AA7F931FFD509100D15206 /* Finditi37.png */ = {isa = PBXFileReference; lastKnownFileType = image.png; path = Finditi37.png; sourceTree = "<group>"; };
		57AA7F941FFD509100D15206 /* Finditi38.png */ = {isa = PBXFileReference; lastKnownFileType = image.png; path = Finditi38.png; sourceTree = "<group>"; };
		57AA7F951FFD509100D15206 /* Finditi39.png */ = {isa = PBXFileReference; lastKnownFileType = image.png; path = Finditi39.png; sourceTree = "<group>"; };
		57AA7F961FFD509100D15206 /* Finditi4.png */ = {isa = PBXFileReference; lastKnownFileType = image.png; path = Finditi4.png; sourceTree = "<group>"; };
		57AA7F971FFD509100D15206 /* Finditi40.png */ = {isa = PBXFileReference; lastKnownFileType = image.png; path = Finditi40.png; sourceTree = "<group>"; };
		57AA7F981FFD509100D15206 /* Finditi41.png */ = {isa = PBXFileReference; lastKnownFileType = image.png; path = Finditi41.png; sourceTree = "<group>"; };
		57AA7F991FFD509100D15206 /* Finditi42.png */ = {isa = PBXFileReference; lastKnownFileType = image.png; path = Finditi42.png; sourceTree = "<group>"; };
		57AA7F9A1FFD509100D15206 /* Finditi43.png */ = {isa = PBXFileReference; lastKnownFileType = image.png; path = Finditi43.png; sourceTree = "<group>"; };
		57AA7F9B1FFD509100D15206 /* Finditi44.png */ = {isa = PBXFileReference; lastKnownFileType = image.png; path = Finditi44.png; sourceTree = "<group>"; };
		57AA7F9C1FFD509100D15206 /* Finditi45.png */ = {isa = PBXFileReference; lastKnownFileType = image.png; path = Finditi45.png; sourceTree = "<group>"; };
		57AA7F9D1FFD509100D15206 /* Finditi46.png */ = {isa = PBXFileReference; lastKnownFileType = image.png; path = Finditi46.png; sourceTree = "<group>"; };
		57AA7F9E1FFD509100D15206 /* Finditi47.png */ = {isa = PBXFileReference; lastKnownFileType = image.png; path = Finditi47.png; sourceTree = "<group>"; };
		57AA7F9F1FFD509100D15206 /* Finditi48.png */ = {isa = PBXFileReference; lastKnownFileType = image.png; path = Finditi48.png; sourceTree = "<group>"; };
		57AA7FA01FFD509100D15206 /* Finditi49.png */ = {isa = PBXFileReference; lastKnownFileType = image.png; path = Finditi49.png; sourceTree = "<group>"; };
		57AA7FA11FFD509100D15206 /* Finditi5.png */ = {isa = PBXFileReference; lastKnownFileType = image.png; path = Finditi5.png; sourceTree = "<group>"; };
		57AA7FA21FFD509100D15206 /* Finditi50.png */ = {isa = PBXFileReference; lastKnownFileType = image.png; path = Finditi50.png; sourceTree = "<group>"; };
		57AA7FA31FFD509100D15206 /* Finditi51.png */ = {isa = PBXFileReference; lastKnownFileType = image.png; path = Finditi51.png; sourceTree = "<group>"; };
		57AA7FA41FFD509100D15206 /* Finditi52.png */ = {isa = PBXFileReference; lastKnownFileType = image.png; path = Finditi52.png; sourceTree = "<group>"; };
		57AA7FA51FFD509100D15206 /* Finditi53.png */ = {isa = PBXFileReference; lastKnownFileType = image.png; path = Finditi53.png; sourceTree = "<group>"; };
		57AA7FA61FFD509100D15206 /* Finditi54.png */ = {isa = PBXFileReference; lastKnownFileType = image.png; path = Finditi54.png; sourceTree = "<group>"; };
		57AA7FA71FFD509100D15206 /* Finditi55.png */ = {isa = PBXFileReference; lastKnownFileType = image.png; path = Finditi55.png; sourceTree = "<group>"; };
		57AA7FA81FFD509100D15206 /* Finditi56.png */ = {isa = PBXFileReference; lastKnownFileType = image.png; path = Finditi56.png; sourceTree = "<group>"; };
		57AA7FA91FFD509100D15206 /* Finditi57.png */ = {isa = PBXFileReference; lastKnownFileType = image.png; path = Finditi57.png; sourceTree = "<group>"; };
		57AA7FAA1FFD509100D15206 /* Finditi58.png */ = {isa = PBXFileReference; lastKnownFileType = image.png; path = Finditi58.png; sourceTree = "<group>"; };
		57AA7FAB1FFD509100D15206 /* Finditi59.png */ = {isa = PBXFileReference; lastKnownFileType = image.png; path = Finditi59.png; sourceTree = "<group>"; };
		57AA7FAC1FFD509100D15206 /* Finditi6.png */ = {isa = PBXFileReference; lastKnownFileType = image.png; path = Finditi6.png; sourceTree = "<group>"; };
		57AA7FAD1FFD509100D15206 /* Finditi60.png */ = {isa = PBXFileReference; lastKnownFileType = image.png; path = Finditi60.png; sourceTree = "<group>"; };
		57AA7FAE1FFD509100D15206 /* Finditi61.png */ = {isa = PBXFileReference; lastKnownFileType = image.png; path = Finditi61.png; sourceTree = "<group>"; };
		57AA7FAF1FFD509100D15206 /* Finditi62.png */ = {isa = PBXFileReference; lastKnownFileType = image.png; path = Finditi62.png; sourceTree = "<group>"; };
		57AA7FB01FFD509100D15206 /* Finditi63.png */ = {isa = PBXFileReference; lastKnownFileType = image.png; path = Finditi63.png; sourceTree = "<group>"; };
		57AA7FB11FFD509100D15206 /* Finditi64.png */ = {isa = PBXFileReference; lastKnownFileType = image.png; path = Finditi64.png; sourceTree = "<group>"; };
		57AA7FB21FFD509100D15206 /* Finditi65.png */ = {isa = PBXFileReference; lastKnownFileType = image.png; path = Finditi65.png; sourceTree = "<group>"; };
		57AA7FB31FFD509100D15206 /* Finditi66.png */ = {isa = PBXFileReference; lastKnownFileType = image.png; path = Finditi66.png; sourceTree = "<group>"; };
		57AA7FB41FFD509100D15206 /* Finditi67.png */ = {isa = PBXFileReference; lastKnownFileType = image.png; path = Finditi67.png; sourceTree = "<group>"; };
		57AA7FB51FFD509100D15206 /* Finditi68.png */ = {isa = PBXFileReference; lastKnownFileType = image.png; path = Finditi68.png; sourceTree = "<group>"; };
		57AA7FB61FFD509100D15206 /* Finditi69.png */ = {isa = PBXFileReference; lastKnownFileType = image.png; path = Finditi69.png; sourceTree = "<group>"; };
		57AA7FB71FFD509100D15206 /* Finditi7.png */ = {isa = PBXFileReference; lastKnownFileType = image.png; path = Finditi7.png; sourceTree = "<group>"; };
		57AA7FB81FFD509100D15206 /* Finditi8.png */ = {isa = PBXFileReference; lastKnownFileType = image.png; path = Finditi8.png; sourceTree = "<group>"; };
		57AA7FB91FFD509100D15206 /* Finditi9.png */ = {isa = PBXFileReference; lastKnownFileType = image.png; path = Finditi9.png; sourceTree = "<group>"; };
		57B23EB61FFD5C5B00228127 /* ani0.png */ = {isa = PBXFileReference; lastKnownFileType = image.png; path = ani0.png; sourceTree = "<group>"; };
		57B23EB71FFD5C5B00228127 /* ani1.png */ = {isa = PBXFileReference; lastKnownFileType = image.png; path = ani1.png; sourceTree = "<group>"; };
		57B23EB81FFD5C5B00228127 /* ani10.png */ = {isa = PBXFileReference; lastKnownFileType = image.png; path = ani10.png; sourceTree = "<group>"; };
		57B23EB91FFD5C5B00228127 /* ani11.png */ = {isa = PBXFileReference; lastKnownFileType = image.png; path = ani11.png; sourceTree = "<group>"; };
		57B23EBA1FFD5C5B00228127 /* ani12.png */ = {isa = PBXFileReference; lastKnownFileType = image.png; path = ani12.png; sourceTree = "<group>"; };
		57B23EBB1FFD5C5B00228127 /* ani13.png */ = {isa = PBXFileReference; lastKnownFileType = image.png; path = ani13.png; sourceTree = "<group>"; };
		57B23EBC1FFD5C5B00228127 /* ani14.png */ = {isa = PBXFileReference; lastKnownFileType = image.png; path = ani14.png; sourceTree = "<group>"; };
		57B23EBD1FFD5C5B00228127 /* ani15.png */ = {isa = PBXFileReference; lastKnownFileType = image.png; path = ani15.png; sourceTree = "<group>"; };
		57B23EBE1FFD5C5B00228127 /* ani16.png */ = {isa = PBXFileReference; lastKnownFileType = image.png; path = ani16.png; sourceTree = "<group>"; };
		57B23EBF1FFD5C5B00228127 /* ani17.png */ = {isa = PBXFileReference; lastKnownFileType = image.png; path = ani17.png; sourceTree = "<group>"; };
		57B23EC01FFD5C5B00228127 /* ani18.png */ = {isa = PBXFileReference; lastKnownFileType = image.png; path = ani18.png; sourceTree = "<group>"; };
		57B23EC11FFD5C5B00228127 /* ani19.png */ = {isa = PBXFileReference; lastKnownFileType = image.png; path = ani19.png; sourceTree = "<group>"; };
		57B23EC21FFD5C5B00228127 /* ani2.png */ = {isa = PBXFileReference; lastKnownFileType = image.png; path = ani2.png; sourceTree = "<group>"; };
		57B23EC31FFD5C5B00228127 /* ani20.png */ = {isa = PBXFileReference; lastKnownFileType = image.png; path = ani20.png; sourceTree = "<group>"; };
		57B23EC41FFD5C5B00228127 /* ani21.png */ = {isa = PBXFileReference; lastKnownFileType = image.png; path = ani21.png; sourceTree = "<group>"; };
		57B23EC51FFD5C5B00228127 /* ani22.png */ = {isa = PBXFileReference; lastKnownFileType = image.png; path = ani22.png; sourceTree = "<group>"; };
		57B23EC61FFD5C5B00228127 /* ani23.png */ = {isa = PBXFileReference; lastKnownFileType = image.png; path = ani23.png; sourceTree = "<group>"; };
		57B23EC71FFD5C5B00228127 /* ani24.png */ = {isa = PBXFileReference; lastKnownFileType = image.png; path = ani24.png; sourceTree = "<group>"; };
		57B23EC81FFD5C5B00228127 /* ani25.png */ = {isa = PBXFileReference; lastKnownFileType = image.png; path = ani25.png; sourceTree = "<group>"; };
		57B23EC91FFD5C5B00228127 /* ani26.png */ = {isa = PBXFileReference; lastKnownFileType = image.png; path = ani26.png; sourceTree = "<group>"; };
		57B23ECA1FFD5C5B00228127 /* ani27.png */ = {isa = PBXFileReference; lastKnownFileType = image.png; path = ani27.png; sourceTree = "<group>"; };
		57B23ECB1FFD5C5B00228127 /* ani28.png */ = {isa = PBXFileReference; lastKnownFileType = image.png; path = ani28.png; sourceTree = "<group>"; };
		57B23ECC1FFD5C5B00228127 /* ani29.png */ = {isa = PBXFileReference; lastKnownFileType = image.png; path = ani29.png; sourceTree = "<group>"; };
		57B23ECD1FFD5C5B00228127 /* ani3.png */ = {isa = PBXFileReference; lastKnownFileType = image.png; path = ani3.png; sourceTree = "<group>"; };
		57B23ECE1FFD5C5B00228127 /* ani30.png */ = {isa = PBXFileReference; lastKnownFileType = image.png; path = ani30.png; sourceTree = "<group>"; };
		57B23ECF1FFD5C5B00228127 /* ani31.png */ = {isa = PBXFileReference; lastKnownFileType = image.png; path = ani31.png; sourceTree = "<group>"; };
		57B23ED01FFD5C5B00228127 /* ani32.png */ = {isa = PBXFileReference; lastKnownFileType = image.png; path = ani32.png; sourceTree = "<group>"; };
		57B23ED11FFD5C5B00228127 /* ani33.png */ = {isa = PBXFileReference; lastKnownFileType = image.png; path = ani33.png; sourceTree = "<group>"; };
		57B23ED21FFD5C5B00228127 /* ani34.png */ = {isa = PBXFileReference; lastKnownFileType = image.png; path = ani34.png; sourceTree = "<group>"; };
		57B23ED31FFD5C5B00228127 /* ani35.png */ = {isa = PBXFileReference; lastKnownFileType = image.png; path = ani35.png; sourceTree = "<group>"; };
		57B23ED41FFD5C5B00228127 /* ani36.png */ = {isa = PBXFileReference; lastKnownFileType = image.png; path = ani36.png; sourceTree = "<group>"; };
		57B23ED51FFD5C5B00228127 /* ani37.png */ = {isa = PBXFileReference; lastKnownFileType = image.png; path = ani37.png; sourceTree = "<group>"; };
		57B23ED61FFD5C5B00228127 /* ani38.png */ = {isa = PBXFileReference; lastKnownFileType = image.png; path = ani38.png; sourceTree = "<group>"; };
		57B23ED71FFD5C5B00228127 /* ani39.png */ = {isa = PBXFileReference; lastKnownFileType = image.png; path = ani39.png; sourceTree = "<group>"; };
		57B23ED81FFD5C5B00228127 /* ani4.png */ = {isa = PBXFileReference; lastKnownFileType = image.png; path = ani4.png; sourceTree = "<group>"; };
		57B23ED91FFD5C5B00228127 /* ani40.png */ = {isa = PBXFileReference; lastKnownFileType = image.png; path = ani40.png; sourceTree = "<group>"; };
		57B23EDA1FFD5C5B00228127 /* ani41.png */ = {isa = PBXFileReference; lastKnownFileType = image.png; path = ani41.png; sourceTree = "<group>"; };
		57B23EDB1FFD5C5B00228127 /* ani42.png */ = {isa = PBXFileReference; lastKnownFileType = image.png; path = ani42.png; sourceTree = "<group>"; };
		57B23EDC1FFD5C5B00228127 /* ani43.png */ = {isa = PBXFileReference; lastKnownFileType = image.png; path = ani43.png; sourceTree = "<group>"; };
		57B23EDD1FFD5C5B00228127 /* ani44.png */ = {isa = PBXFileReference; lastKnownFileType = image.png; path = ani44.png; sourceTree = "<group>"; };
		57B23EDE1FFD5C5B00228127 /* ani45.png */ = {isa = PBXFileReference; lastKnownFileType = image.png; path = ani45.png; sourceTree = "<group>"; };
		57B23EDF1FFD5C5B00228127 /* ani46.png */ = {isa = PBXFileReference; lastKnownFileType = image.png; path = ani46.png; sourceTree = "<group>"; };
		57B23EE01FFD5C5B00228127 /* ani47.png */ = {isa = PBXFileReference; lastKnownFileType = image.png; path = ani47.png; sourceTree = "<group>"; };
		57B23EE11FFD5C5B00228127 /* ani48.png */ = {isa = PBXFileReference; lastKnownFileType = image.png; path = ani48.png; sourceTree = "<group>"; };
		57B23EE21FFD5C5B00228127 /* ani49.png */ = {isa = PBXFileReference; lastKnownFileType = image.png; path = ani49.png; sourceTree = "<group>"; };
		57B23EE31FFD5C5B00228127 /* ani5.png */ = {isa = PBXFileReference; lastKnownFileType = image.png; path = ani5.png; sourceTree = "<group>"; };
		57B23EE41FFD5C5B00228127 /* ani50.png */ = {isa = PBXFileReference; lastKnownFileType = image.png; path = ani50.png; sourceTree = "<group>"; };
		57B23EE51FFD5C5B00228127 /* ani51.png */ = {isa = PBXFileReference; lastKnownFileType = image.png; path = ani51.png; sourceTree = "<group>"; };
		57B23EE61FFD5C5B00228127 /* ani52.png */ = {isa = PBXFileReference; lastKnownFileType = image.png; path = ani52.png; sourceTree = "<group>"; };
		57B23EE71FFD5C5B00228127 /* ani53.png */ = {isa = PBXFileReference; lastKnownFileType = image.png; path = ani53.png; sourceTree = "<group>"; };
		57B23EE81FFD5C5B00228127 /* ani54.png */ = {isa = PBXFileReference; lastKnownFileType = image.png; path = ani54.png; sourceTree = "<group>"; };
		57B23EE91FFD5C5B00228127 /* ani55.png */ = {isa = PBXFileReference; lastKnownFileType = image.png; path = ani55.png; sourceTree = "<group>"; };
		57B23EEA1FFD5C5B00228127 /* ani56.png */ = {isa = PBXFileReference; lastKnownFileType = image.png; path = ani56.png; sourceTree = "<group>"; };
		57B23EEB1FFD5C5B00228127 /* ani57.png */ = {isa = PBXFileReference; lastKnownFileType = image.png; path = ani57.png; sourceTree = "<group>"; };
		57B23EEC1FFD5C5B00228127 /* ani58.png */ = {isa = PBXFileReference; lastKnownFileType = image.png; path = ani58.png; sourceTree = "<group>"; };
		57B23EED1FFD5C5B00228127 /* ani59.png */ = {isa = PBXFileReference; lastKnownFileType = image.png; path = ani59.png; sourceTree = "<group>"; };
		57B23EEE1FFD5C5B00228127 /* ani6.png */ = {isa = PBXFileReference; lastKnownFileType = image.png; path = ani6.png; sourceTree = "<group>"; };
		57B23EEF1FFD5C5B00228127 /* ani60.png */ = {isa = PBXFileReference; lastKnownFileType = image.png; path = ani60.png; sourceTree = "<group>"; };
		57B23EF01FFD5C5B00228127 /* ani61.png */ = {isa = PBXFileReference; lastKnownFileType = image.png; path = ani61.png; sourceTree = "<group>"; };
		57B23EF11FFD5C5B00228127 /* ani62.png */ = {isa = PBXFileReference; lastKnownFileType = image.png; path = ani62.png; sourceTree = "<group>"; };
		57B23EF21FFD5C5B00228127 /* ani63.png */ = {isa = PBXFileReference; lastKnownFileType = image.png; path = ani63.png; sourceTree = "<group>"; };
		57B23EF31FFD5C5B00228127 /* ani64.png */ = {isa = PBXFileReference; lastKnownFileType = image.png; path = ani64.png; sourceTree = "<group>"; };
		57B23EF41FFD5C5B00228127 /* ani65.png */ = {isa = PBXFileReference; lastKnownFileType = image.png; path = ani65.png; sourceTree = "<group>"; };
		57B23EF51FFD5C5B00228127 /* ani66.png */ = {isa = PBXFileReference; lastKnownFileType = image.png; path = ani66.png; sourceTree = "<group>"; };
		57B23EF61FFD5C5B00228127 /* ani67.png */ = {isa = PBXFileReference; lastKnownFileType = image.png; path = ani67.png; sourceTree = "<group>"; };
		57B23EF71FFD5C5B00228127 /* ani68.png */ = {isa = PBXFileReference; lastKnownFileType = image.png; path = ani68.png; sourceTree = "<group>"; };
		57B23EF81FFD5C5B00228127 /* ani69.png */ = {isa = PBXFileReference; lastKnownFileType = image.png; path = ani69.png; sourceTree = "<group>"; };
		57B23EF91FFD5C5B00228127 /* ani7.png */ = {isa = PBXFileReference; lastKnownFileType = image.png; path = ani7.png; sourceTree = "<group>"; };
		57B23EFA1FFD5C5B00228127 /* ani8.png */ = {isa = PBXFileReference; lastKnownFileType = image.png; path = ani8.png; sourceTree = "<group>"; };
		57B23EFB1FFD5C5B00228127 /* ani9.png */ = {isa = PBXFileReference; lastKnownFileType = image.png; path = ani9.png; sourceTree = "<group>"; };
		7B17CF921FAC76F000394879 /* TabBarController.swift */ = {isa = PBXFileReference; fileEncoding = 4; lastKnownFileType = sourcecode.swift; path = TabBarController.swift; sourceTree = "<group>"; };
		7B17CF941FAC773B00394879 /* AddItemController.swift */ = {isa = PBXFileReference; fileEncoding = 4; lastKnownFileType = sourcecode.swift; path = AddItemController.swift; sourceTree = "<group>"; };
		7B17CF961FAC775700394879 /* LoginRegister.swift */ = {isa = PBXFileReference; fileEncoding = 4; lastKnownFileType = sourcecode.swift; path = LoginRegister.swift; sourceTree = "<group>"; };
		7B17CF981FAC776A00394879 /* PostInfo.swift */ = {isa = PBXFileReference; fileEncoding = 4; lastKnownFileType = sourcecode.swift; path = PostInfo.swift; sourceTree = "<group>"; };
		7B17CF9C1FAC77B400394879 /* Chat.swift */ = {isa = PBXFileReference; fileEncoding = 4; lastKnownFileType = sourcecode.swift; path = Chat.swift; sourceTree = "<group>"; };
		7B17CF9F1FAC77D900394879 /* Userr.swift */ = {isa = PBXFileReference; fileEncoding = 4; lastKnownFileType = sourcecode.swift; path = Userr.swift; sourceTree = "<group>"; };
		7B17CFA11FAC77F000394879 /* EveryUser.swift */ = {isa = PBXFileReference; fileEncoding = 4; lastKnownFileType = sourcecode.swift; path = EveryUser.swift; sourceTree = "<group>"; };
		7B17CFA31FAC780300394879 /* Messages.swift */ = {isa = PBXFileReference; fileEncoding = 4; lastKnownFileType = sourcecode.swift; path = Messages.swift; sourceTree = "<group>"; };
		7B17CFA51FAC782300394879 /* Extensions.swift */ = {isa = PBXFileReference; fileEncoding = 4; lastKnownFileType = sourcecode.swift; path = Extensions.swift; sourceTree = "<group>"; };
		7B17CFAC1FAC788700394879 /* MessagesController.swift */ = {isa = PBXFileReference; fileEncoding = 4; lastKnownFileType = sourcecode.swift; path = MessagesController.swift; sourceTree = "<group>"; };
		7B17CFB11FAC78BE00394879 /* MessagesCell.swift */ = {isa = PBXFileReference; fileEncoding = 4; lastKnownFileType = sourcecode.swift; path = MessagesCell.swift; sourceTree = "<group>"; };
		7B17CFB31FAC78CE00394879 /* InfoCell.swift */ = {isa = PBXFileReference; fileEncoding = 4; lastKnownFileType = sourcecode.swift; path = InfoCell.swift; sourceTree = "<group>"; };
		7B17CFB51FAC78E400394879 /* PostInfoCell.swift */ = {isa = PBXFileReference; fileEncoding = 4; lastKnownFileType = sourcecode.swift; path = PostInfoCell.swift; sourceTree = "<group>"; };
		7B18EF0F1FAF2C6A007742F4 /* FoundItemsMap.swift */ = {isa = PBXFileReference; fileEncoding = 4; lastKnownFileType = sourcecode.swift; path = FoundItemsMap.swift; sourceTree = "<group>"; };
		7B3A4D171FB89EAD00E5DDBF /* Model.xcdatamodel */ = {isa = PBXFileReference; lastKnownFileType = wrapper.xcdatamodel; path = Model.xcdatamodel; sourceTree = "<group>"; };
		7B45D7BA1FED075A00A5A6A6 /* NewSearchResults.swift */ = {isa = PBXFileReference; fileEncoding = 4; lastKnownFileType = sourcecode.swift; path = NewSearchResults.swift; sourceTree = "<group>"; };
		7B45D7BC1FED433C00A5A6A6 /* SearchedFoundCell.swift */ = {isa = PBXFileReference; fileEncoding = 4; lastKnownFileType = sourcecode.swift; path = SearchedFoundCell.swift; sourceTree = "<group>"; };
		7B45D7BE1FED738100A5A6A6 /* SearchedLostCell.swift */ = {isa = PBXFileReference; fileEncoding = 4; lastKnownFileType = sourcecode.swift; path = SearchedLostCell.swift; sourceTree = "<group>"; };
		7B4B06B51FC5DA5D005320B0 /* PostInfoStuff.swift */ = {isa = PBXFileReference; fileEncoding = 4; lastKnownFileType = sourcecode.swift; path = PostInfoStuff.swift; sourceTree = "<group>"; };
		7B4D597E1FD9643A001C2310 /* GoogleMobileAds.framework */ = {isa = PBXFileReference; lastKnownFileType = wrapper.framework; path = GoogleMobileAds.framework; sourceTree = "<group>"; };
		7B69D0A51FD96E5A0073D6BB /* GoogleService-Info.plist */ = {isa = PBXFileReference; fileEncoding = 4; lastKnownFileType = text.plist.xml; path = "GoogleService-Info.plist"; sourceTree = "<group>"; };
		7B7E85191FD6CAF80085C8F9 /* FollowedItems.swift */ = {isa = PBXFileReference; fileEncoding = 4; lastKnownFileType = sourcecode.swift; path = FollowedItems.swift; sourceTree = "<group>"; };
		7B81EF8C1FBEF06E0036F982 /* AddCommentController.swift */ = {isa = PBXFileReference; fileEncoding = 4; lastKnownFileType = sourcecode.swift; path = AddCommentController.swift; sourceTree = "<group>"; };
		7B8F4C101FAC73D300E61996 /* FindIt xcode 8.3.app */ = {isa = PBXFileReference; explicitFileType = wrapper.application; includeInIndex = 0; path = "FindIt xcode 8.3.app"; sourceTree = BUILT_PRODUCTS_DIR; };
		7B8F4C131FAC73D300E61996 /* AppDelegate.swift */ = {isa = PBXFileReference; lastKnownFileType = sourcecode.swift; path = AppDelegate.swift; sourceTree = "<group>"; };
		7B8F4C181FAC73D300E61996 /* Base */ = {isa = PBXFileReference; lastKnownFileType = file.storyboard; name = Base; path = Base.lproj/Main.storyboard; sourceTree = "<group>"; };
		7B8F4C1A1FAC73D300E61996 /* Assets.xcassets */ = {isa = PBXFileReference; lastKnownFileType = folder.assetcatalog; path = Assets.xcassets; sourceTree = "<group>"; };
		7B8F4C1D1FAC73D300E61996 /* Base */ = {isa = PBXFileReference; lastKnownFileType = file.storyboard; name = Base; path = Base.lproj/LaunchScreen.storyboard; sourceTree = "<group>"; };
		7B8F4C1F1FAC73D300E61996 /* Info.plist */ = {isa = PBXFileReference; lastKnownFileType = text.plist.xml; path = Info.plist; sourceTree = "<group>"; };
		7BA44FC51FB115EE00667DA6 /* NavController.swift */ = {isa = PBXFileReference; fileEncoding = 4; lastKnownFileType = sourcecode.swift; path = NavController.swift; sourceTree = "<group>"; };
		7BA44FC91FB1CAEC00667DA6 /* MoreCell.swift */ = {isa = PBXFileReference; fileEncoding = 4; lastKnownFileType = sourcecode.swift; path = MoreCell.swift; sourceTree = "<group>"; };
		7BB5AAF21FADDC86004BA02F /* MapController.swift */ = {isa = PBXFileReference; fileEncoding = 4; lastKnownFileType = sourcecode.swift; path = MapController.swift; sourceTree = "<group>"; };
		7BBF48B21FC8735F005414C1 /* AllItemsCollectionViewCell.swift */ = {isa = PBXFileReference; fileEncoding = 4; lastKnownFileType = sourcecode.swift; path = AllItemsCollectionViewCell.swift; sourceTree = "<group>"; };
		7BBF48B61FC8759E005414C1 /* FirstPage.swift */ = {isa = PBXFileReference; fileEncoding = 4; lastKnownFileType = sourcecode.swift; path = FirstPage.swift; sourceTree = "<group>"; };
		7BBF48B81FC8798D005414C1 /* AllItemsTableViewCell.swift */ = {isa = PBXFileReference; fileEncoding = 4; lastKnownFileType = sourcecode.swift; path = AllItemsTableViewCell.swift; sourceTree = "<group>"; };
		7BBF48BA1FC9843D005414C1 /* Variables.swift */ = {isa = PBXFileReference; fileEncoding = 4; lastKnownFileType = sourcecode.swift; path = Variables.swift; sourceTree = "<group>"; };
		7BC2F9021FD033E900D0AE88 /* SearchResults.swift */ = {isa = PBXFileReference; fileEncoding = 4; lastKnownFileType = sourcecode.swift; path = SearchResults.swift; sourceTree = "<group>"; };
		7BDEA9A41FEA67FE0090CB79 /* MyItemsCell.swift */ = {isa = PBXFileReference; fileEncoding = 4; lastKnownFileType = sourcecode.swift; path = MyItemsCell.swift; sourceTree = "<group>"; };
		7BE2B0711FCB0E6500418B11 /* AllLostItems.swift */ = {isa = PBXFileReference; fileEncoding = 4; lastKnownFileType = sourcecode.swift; path = AllLostItems.swift; sourceTree = "<group>"; };
		7BEB4BF21FCD894300D1B990 /* SecondPage.swift */ = {isa = PBXFileReference; fileEncoding = 4; lastKnownFileType = sourcecode.swift; path = SecondPage.swift; sourceTree = "<group>"; };
		7BEB4BF41FCD8B7500D1B990 /* MyCell.swift */ = {isa = PBXFileReference; fileEncoding = 4; lastKnownFileType = sourcecode.swift; path = MyCell.swift; sourceTree = "<group>"; };
		B05427D3E50F16747F586ED0 /* Pods-FindIt xcode 8.3.release.xcconfig */ = {isa = PBXFileReference; includeInIndex = 1; lastKnownFileType = text.xcconfig; name = "Pods-FindIt xcode 8.3.release.xcconfig"; path = "Pods/Target Support Files/Pods-FindIt xcode 8.3/Pods-FindIt xcode 8.3.release.xcconfig"; sourceTree = "<group>"; };
		E8EB56E139CF549CAD1410C0 /* Pods-FindIt xcode 8.3.debug.xcconfig */ = {isa = PBXFileReference; includeInIndex = 1; lastKnownFileType = text.xcconfig; name = "Pods-FindIt xcode 8.3.debug.xcconfig"; path = "Pods/Target Support Files/Pods-FindIt xcode 8.3/Pods-FindIt xcode 8.3.debug.xcconfig"; sourceTree = "<group>"; };
/* End PBXFileReference section */

/* Begin PBXFrameworksBuildPhase section */
		7B8F4C0D1FAC73D300E61996 /* Frameworks */ = {
			isa = PBXFrameworksBuildPhase;
			buildActionMask = 2147483647;
			files = (
				7B4D597F1FD9643A001C2310 /* GoogleMobileAds.framework in Frameworks */,
				8D3EA7F3FA42ABBE1D70FE04 /* Pods_FindIt_xcode_8_3.framework in Frameworks */,
			);
			runOnlyForDeploymentPostprocessing = 0;
		};
/* End PBXFrameworksBuildPhase section */

/* Begin PBXGroup section */
		1A20111CAD528979DB9AA5F4 /* Frameworks */ = {
			isa = PBXGroup;
			children = (
				0459CB7FF908CE1564249014 /* Pods_FindIt_xcode_8_3.framework */,
			);
			name = Frameworks;
			sourceTree = "<group>";
		};
		57AA7F731FFD509000D15206 /* findItBaltasi */ = {
			isa = PBXGroup;
			children = (
				57B23EB51FFD5C5B00228127 /* xcodebitch */,
				57AA7F741FFD509000D15206 /* Finditi0.png */,
				57AA7F751FFD509000D15206 /* Finditi1.png */,
				57AA7F761FFD509000D15206 /* Finditi10.png */,
				57AA7F771FFD509000D15206 /* Finditi11.png */,
				57AA7F781FFD509000D15206 /* Finditi12.png */,
				57AA7F791FFD509000D15206 /* Finditi13.png */,
				57AA7F7A1FFD509000D15206 /* Finditi14.png */,
				57AA7F7B1FFD509000D15206 /* Finditi15.png */,
				57AA7F7C1FFD509000D15206 /* Finditi16.png */,
				57AA7F7D1FFD509000D15206 /* Finditi17.png */,
				57AA7F7E1FFD509000D15206 /* Finditi18.png */,
				57AA7F7F1FFD509000D15206 /* Finditi19.png */,
				57AA7F801FFD509000D15206 /* Finditi2.png */,
				57AA7F811FFD509000D15206 /* Finditi20.png */,
				57AA7F821FFD509000D15206 /* Finditi21.png */,
				57AA7F831FFD509100D15206 /* Finditi22.png */,
				57AA7F841FFD509100D15206 /* Finditi23.png */,
				57AA7F851FFD509100D15206 /* Finditi24.png */,
				57AA7F861FFD509100D15206 /* Finditi25.png */,
				57AA7F871FFD509100D15206 /* Finditi26.png */,
				57AA7F881FFD509100D15206 /* Finditi27.png */,
				57AA7F891FFD509100D15206 /* Finditi28.png */,
				57AA7F8A1FFD509100D15206 /* Finditi29.png */,
				57AA7F8B1FFD509100D15206 /* Finditi3.png */,
				57AA7F8C1FFD509100D15206 /* Finditi30.png */,
				57AA7F8D1FFD509100D15206 /* Finditi31.png */,
				57AA7F8E1FFD509100D15206 /* Finditi32.png */,
				57AA7F8F1FFD509100D15206 /* Finditi33.png */,
				57AA7F901FFD509100D15206 /* Finditi34.png */,
				57AA7F911FFD509100D15206 /* Finditi35.png */,
				57AA7F921FFD509100D15206 /* Finditi36.png */,
				57AA7F931FFD509100D15206 /* Finditi37.png */,
				57AA7F941FFD509100D15206 /* Finditi38.png */,
				57AA7F951FFD509100D15206 /* Finditi39.png */,
				57AA7F961FFD509100D15206 /* Finditi4.png */,
				57AA7F971FFD509100D15206 /* Finditi40.png */,
				57AA7F981FFD509100D15206 /* Finditi41.png */,
				57AA7F991FFD509100D15206 /* Finditi42.png */,
				57AA7F9A1FFD509100D15206 /* Finditi43.png */,
				57AA7F9B1FFD509100D15206 /* Finditi44.png */,
				57AA7F9C1FFD509100D15206 /* Finditi45.png */,
				57AA7F9D1FFD509100D15206 /* Finditi46.png */,
				57AA7F9E1FFD509100D15206 /* Finditi47.png */,
				57AA7F9F1FFD509100D15206 /* Finditi48.png */,
				57AA7FA01FFD509100D15206 /* Finditi49.png */,
				57AA7FA11FFD509100D15206 /* Finditi5.png */,
				57AA7FA21FFD509100D15206 /* Finditi50.png */,
				57AA7FA31FFD509100D15206 /* Finditi51.png */,
				57AA7FA41FFD509100D15206 /* Finditi52.png */,
				57AA7FA51FFD509100D15206 /* Finditi53.png */,
				57AA7FA61FFD509100D15206 /* Finditi54.png */,
				57AA7FA71FFD509100D15206 /* Finditi55.png */,
				57AA7FA81FFD509100D15206 /* Finditi56.png */,
				57AA7FA91FFD509100D15206 /* Finditi57.png */,
				57AA7FAA1FFD509100D15206 /* Finditi58.png */,
				57AA7FAB1FFD509100D15206 /* Finditi59.png */,
				57AA7FAC1FFD509100D15206 /* Finditi6.png */,
				57AA7FAD1FFD509100D15206 /* Finditi60.png */,
				57AA7FAE1FFD509100D15206 /* Finditi61.png */,
				57AA7FAF1FFD509100D15206 /* Finditi62.png */,
				57AA7FB01FFD509100D15206 /* Finditi63.png */,
				57AA7FB11FFD509100D15206 /* Finditi64.png */,
				57AA7FB21FFD509100D15206 /* Finditi65.png */,
				57AA7FB31FFD509100D15206 /* Finditi66.png */,
				57AA7FB41FFD509100D15206 /* Finditi67.png */,
				57AA7FB51FFD509100D15206 /* Finditi68.png */,
				57AA7FB61FFD509100D15206 /* Finditi69.png */,
				57AA7FB71FFD509100D15206 /* Finditi7.png */,
				57AA7FB81FFD509100D15206 /* Finditi8.png */,
				57AA7FB91FFD509100D15206 /* Finditi9.png */,
			);
			path = findItBaltasi;
			sourceTree = "<group>";
		};
		57B23EB51FFD5C5B00228127 /* xcodebitch */ = {
			isa = PBXGroup;
			children = (
				57B23EB61FFD5C5B00228127 /* ani0.png */,
				57B23EB71FFD5C5B00228127 /* ani1.png */,
				57B23EB81FFD5C5B00228127 /* ani10.png */,
				57B23EB91FFD5C5B00228127 /* ani11.png */,
				57B23EBA1FFD5C5B00228127 /* ani12.png */,
				57B23EBB1FFD5C5B00228127 /* ani13.png */,
				57B23EBC1FFD5C5B00228127 /* ani14.png */,
				57B23EBD1FFD5C5B00228127 /* ani15.png */,
				57B23EBE1FFD5C5B00228127 /* ani16.png */,
				57B23EBF1FFD5C5B00228127 /* ani17.png */,
				57B23EC01FFD5C5B00228127 /* ani18.png */,
				57B23EC11FFD5C5B00228127 /* ani19.png */,
				57B23EC21FFD5C5B00228127 /* ani2.png */,
				57B23EC31FFD5C5B00228127 /* ani20.png */,
				57B23EC41FFD5C5B00228127 /* ani21.png */,
				57B23EC51FFD5C5B00228127 /* ani22.png */,
				57B23EC61FFD5C5B00228127 /* ani23.png */,
				57B23EC71FFD5C5B00228127 /* ani24.png */,
				57B23EC81FFD5C5B00228127 /* ani25.png */,
				57B23EC91FFD5C5B00228127 /* ani26.png */,
				57B23ECA1FFD5C5B00228127 /* ani27.png */,
				57B23ECB1FFD5C5B00228127 /* ani28.png */,
				57B23ECC1FFD5C5B00228127 /* ani29.png */,
				57B23ECD1FFD5C5B00228127 /* ani3.png */,
				57B23ECE1FFD5C5B00228127 /* ani30.png */,
				57B23ECF1FFD5C5B00228127 /* ani31.png */,
				57B23ED01FFD5C5B00228127 /* ani32.png */,
				57B23ED11FFD5C5B00228127 /* ani33.png */,
				57B23ED21FFD5C5B00228127 /* ani34.png */,
				57B23ED31FFD5C5B00228127 /* ani35.png */,
				57B23ED41FFD5C5B00228127 /* ani36.png */,
				57B23ED51FFD5C5B00228127 /* ani37.png */,
				57B23ED61FFD5C5B00228127 /* ani38.png */,
				57B23ED71FFD5C5B00228127 /* ani39.png */,
				57B23ED81FFD5C5B00228127 /* ani4.png */,
				57B23ED91FFD5C5B00228127 /* ani40.png */,
				57B23EDA1FFD5C5B00228127 /* ani41.png */,
				57B23EDB1FFD5C5B00228127 /* ani42.png */,
				57B23EDC1FFD5C5B00228127 /* ani43.png */,
				57B23EDD1FFD5C5B00228127 /* ani44.png */,
				57B23EDE1FFD5C5B00228127 /* ani45.png */,
				57B23EDF1FFD5C5B00228127 /* ani46.png */,
				57B23EE01FFD5C5B00228127 /* ani47.png */,
				57B23EE11FFD5C5B00228127 /* ani48.png */,
				57B23EE21FFD5C5B00228127 /* ani49.png */,
				57B23EE31FFD5C5B00228127 /* ani5.png */,
				57B23EE41FFD5C5B00228127 /* ani50.png */,
				57B23EE51FFD5C5B00228127 /* ani51.png */,
				57B23EE61FFD5C5B00228127 /* ani52.png */,
				57B23EE71FFD5C5B00228127 /* ani53.png */,
				57B23EE81FFD5C5B00228127 /* ani54.png */,
				57B23EE91FFD5C5B00228127 /* ani55.png */,
				57B23EEA1FFD5C5B00228127 /* ani56.png */,
				57B23EEB1FFD5C5B00228127 /* ani57.png */,
				57B23EEC1FFD5C5B00228127 /* ani58.png */,
				57B23EED1FFD5C5B00228127 /* ani59.png */,
				57B23EEE1FFD5C5B00228127 /* ani6.png */,
				57B23EEF1FFD5C5B00228127 /* ani60.png */,
				57B23EF01FFD5C5B00228127 /* ani61.png */,
				57B23EF11FFD5C5B00228127 /* ani62.png */,
				57B23EF21FFD5C5B00228127 /* ani63.png */,
				57B23EF31FFD5C5B00228127 /* ani64.png */,
				57B23EF41FFD5C5B00228127 /* ani65.png */,
				57B23EF51FFD5C5B00228127 /* ani66.png */,
				57B23EF61FFD5C5B00228127 /* ani67.png */,
				57B23EF71FFD5C5B00228127 /* ani68.png */,
				57B23EF81FFD5C5B00228127 /* ani69.png */,
				57B23EF91FFD5C5B00228127 /* ani7.png */,
				57B23EFA1FFD5C5B00228127 /* ani8.png */,
				57B23EFB1FFD5C5B00228127 /* ani9.png */,
			);
			path = xcodebitch;
			sourceTree = "<group>";
		};
		7B17CF911FAC76D000394879 /* controllers */ = {
			isa = PBXGroup;
			children = (
				7B17CF921FAC76F000394879 /* TabBarController.swift */,
				7B17CF941FAC773B00394879 /* AddItemController.swift */,
				7B17CF961FAC775700394879 /* LoginRegister.swift */,
				7B81EF8C1FBEF06E0036F982 /* AddCommentController.swift */,
				7B45D7BA1FED075A00A5A6A6 /* NewSearchResults.swift */,
				7BC2F9021FD033E900D0AE88 /* SearchResults.swift */,
				7BB5AAF21FADDC86004BA02F /* MapController.swift */,
				7BA44FC51FB115EE00667DA6 /* NavController.swift */,
				7B17CF981FAC776A00394879 /* PostInfo.swift */,
				7B17CF9C1FAC77B400394879 /* Chat.swift */,
				7B18EF0F1FAF2C6A007742F4 /* FoundItemsMap.swift */,
			);
			name = controllers;
			sourceTree = "<group>";
		};
		7B17CF9E1FAC77BF00394879 /* Users */ = {
			isa = PBXGroup;
			children = (
				7B17CF9F1FAC77D900394879 /* Userr.swift */,
				7B17CFA11FAC77F000394879 /* EveryUser.swift */,
				7B17CFA31FAC780300394879 /* Messages.swift */,
			);
			name = Users;
			sourceTree = "<group>";
		};
		7B17CFAE1FAC789600394879 /* Cells */ = {
			isa = PBXGroup;
			children = (
				7B17CFB11FAC78BE00394879 /* MessagesCell.swift */,
				7BA44FC91FB1CAEC00667DA6 /* MoreCell.swift */,
				7B17CFB31FAC78CE00394879 /* InfoCell.swift */,
				7BDEA9A41FEA67FE0090CB79 /* MyItemsCell.swift */,
				7B17CFB51FAC78E400394879 /* PostInfoCell.swift */,
				7B4B06B51FC5DA5D005320B0 /* PostInfoStuff.swift */,
			);
			name = Cells;
			sourceTree = "<group>";
		};
		7B8F4C071FAC73D300E61996 = {
			isa = PBXGroup;
			children = (
				57AA7F731FFD509000D15206 /* findItBaltasi */,
				7B8F4C121FAC73D300E61996 /* FindIt xcode 8.3 */,
				7B8F4C111FAC73D300E61996 /* Products */,
				D9579EFD5C8B2A6850BF372C /* Pods */,
				1A20111CAD528979DB9AA5F4 /* Frameworks */,
			);
			sourceTree = "<group>";
		};
		7B8F4C111FAC73D300E61996 /* Products */ = {
			isa = PBXGroup;
			children = (
				7B8F4C101FAC73D300E61996 /* FindIt xcode 8.3.app */,
			);
			name = Products;
			sourceTree = "<group>";
		};
		7B8F4C121FAC73D300E61996 /* FindIt xcode 8.3 */ = {
			isa = PBXGroup;
			children = (
				7B4D597E1FD9643A001C2310 /* GoogleMobileAds.framework */,
				7B8F4C131FAC73D300E61996 /* AppDelegate.swift */,
				7B17CFA51FAC782300394879 /* Extensions.swift */,
				7B8F4C171FAC73D300E61996 /* Main.storyboard */,
				7B8F4C1A1FAC73D300E61996 /* Assets.xcassets */,
				7B3A4D161FB89EAD00E5DDBF /* Model.xcdatamodeld */,
				7BBF48BA1FC9843D005414C1 /* Variables.swift */,
				7B17CF9E1FAC77BF00394879 /* Users */,
				7B17CF911FAC76D000394879 /* controllers */,
				7B8F4C1C1FAC73D300E61996 /* LaunchScreen.storyboard */,
				7BBF48B51FC874EC005414C1 /* NewTabs */,
				7BBF48B41FC874D2005414C1 /* NewCells */,
				7B17CFAE1FAC789600394879 /* Cells */,
				7B8F4C1F1FAC73D300E61996 /* Info.plist */,
				7B69D0A51FD96E5A0073D6BB /* GoogleService-Info.plist */,
			);
			path = "FindIt xcode 8.3";
			sourceTree = "<group>";
		};
		7BBF48B41FC874D2005414C1 /* NewCells */ = {
			isa = PBXGroup;
			children = (
				7BBF48B21FC8735F005414C1 /* AllItemsCollectionViewCell.swift */,
				7B45D7BC1FED433C00A5A6A6 /* SearchedFoundCell.swift */,
				7B45D7BE1FED738100A5A6A6 /* SearchedLostCell.swift */,
				7BEB4BF41FCD8B7500D1B990 /* MyCell.swift */,
				7BE2B0711FCB0E6500418B11 /* AllLostItems.swift */,
				7B7E85191FD6CAF80085C8F9 /* FollowedItems.swift */,
				7BBF48B81FC8798D005414C1 /* AllItemsTableViewCell.swift */,
			);
			name = NewCells;
			sourceTree = "<group>";
		};
		7BBF48B51FC874EC005414C1 /* NewTabs */ = {
			isa = PBXGroup;
			children = (
				7BBF48B61FC8759E005414C1 /* FirstPage.swift */,
				7BEB4BF21FCD894300D1B990 /* SecondPage.swift */,
				7B17CFAC1FAC788700394879 /* MessagesController.swift */,
			);
			name = NewTabs;
			sourceTree = "<group>";
		};
		D9579EFD5C8B2A6850BF372C /* Pods */ = {
			isa = PBXGroup;
			children = (
				E8EB56E139CF549CAD1410C0 /* Pods-FindIt xcode 8.3.debug.xcconfig */,
				B05427D3E50F16747F586ED0 /* Pods-FindIt xcode 8.3.release.xcconfig */,
			);
			name = Pods;
			sourceTree = "<group>";
		};
/* End PBXGroup section */

/* Begin PBXNativeTarget section */
		7B8F4C0F1FAC73D300E61996 /* FindIt xcode 8.3 */ = {
			isa = PBXNativeTarget;
			buildConfigurationList = 7B8F4C221FAC73D300E61996 /* Build configuration list for PBXNativeTarget "FindIt xcode 8.3" */;
			buildPhases = (
				AE13D697984530AF804B0740 /* [CP] Check Pods Manifest.lock */,
				7B8F4C0C1FAC73D300E61996 /* Sources */,
				7B8F4C0D1FAC73D300E61996 /* Frameworks */,
				7B8F4C0E1FAC73D300E61996 /* Resources */,
				A87835AEECEE7EDCB5EAF25F /* [CP] Embed Pods Frameworks */,
				08A9C353550DFAEF8C475F23 /* [CP] Copy Pods Resources */,
			);
			buildRules = (
			);
			dependencies = (
			);
			name = "FindIt xcode 8.3";
			productName = "FindIt xcode 8.3";
			productReference = 7B8F4C101FAC73D300E61996 /* FindIt xcode 8.3.app */;
			productType = "com.apple.product-type.application";
		};
/* End PBXNativeTarget section */

/* Begin PBXProject section */
		7B8F4C081FAC73D300E61996 /* Project object */ = {
			isa = PBXProject;
			attributes = {
				LastSwiftUpdateCheck = 0830;
				LastUpgradeCheck = 0830;
				ORGANIZATIONNAME = Rytis;
				TargetAttributes = {
					7B8F4C0F1FAC73D300E61996 = {
						CreatedOnToolsVersion = 8.3.3;
						DevelopmentTeam = 9Q3Y7NC9M5;
						ProvisioningStyle = Automatic;
					};
				};
			};
			buildConfigurationList = 7B8F4C0B1FAC73D300E61996 /* Build configuration list for PBXProject "FindIt xcode 8.3" */;
			compatibilityVersion = "Xcode 3.2";
			developmentRegion = English;
			hasScannedForEncodings = 0;
			knownRegions = (
				en,
				Base,
			);
			mainGroup = 7B8F4C071FAC73D300E61996;
			productRefGroup = 7B8F4C111FAC73D300E61996 /* Products */;
			projectDirPath = "";
			projectRoot = "";
			targets = (
				7B8F4C0F1FAC73D300E61996 /* FindIt xcode 8.3 */,
			);
		};
/* End PBXProject section */

/* Begin PBXResourcesBuildPhase section */
		7B8F4C0E1FAC73D300E61996 /* Resources */ = {
			isa = PBXResourcesBuildPhase;
			buildActionMask = 2147483647;
			files = (
				57B23F131FFD5C5B00228127 /* ani3.png in Resources */,
				57B23F001FFD5C5B00228127 /* ani12.png in Resources */,
				57B23F3E1FFD5C5B00228127 /* ani69.png in Resources */,
				57B23F2F1FFD5C5B00228127 /* ani55.png in Resources */,
				57AA7FBA1FFD509100D15206 /* Finditi0.png in Resources */,
				57B23F0B1FFD5C5B00228127 /* ani22.png in Resources */,
				57AA7FFA1FFD509100D15206 /* Finditi67.png in Resources */,
				57B23F041FFD5C5B00228127 /* ani16.png in Resources */,
				57AA7FF01FFD509100D15206 /* Finditi58.png in Resources */,
				57AA7FE31FFD509100D15206 /* Finditi46.png in Resources */,
				57AA7FD11FFD509100D15206 /* Finditi3.png in Resources */,
				57AA7FCC1FFD509100D15206 /* Finditi25.png in Resources */,
				57B23F211FFD5C5B00228127 /* ani42.png in Resources */,
				57AA7FCA1FFD509100D15206 /* Finditi23.png in Resources */,
				57AA7FF61FFD509100D15206 /* Finditi63.png in Resources */,
				57AA7FCE1FFD509100D15206 /* Finditi27.png in Resources */,
				57B23F231FFD5C5B00228127 /* ani44.png in Resources */,
				57B23F0C1FFD5C5B00228127 /* ani23.png in Resources */,
				57AA7FC51FFD509100D15206 /* Finditi19.png in Resources */,
				57B23F0E1FFD5C5B00228127 /* ani25.png in Resources */,
				57AA7FD41FFD509100D15206 /* Finditi32.png in Resources */,
				57B23F381FFD5C5B00228127 /* ani63.png in Resources */,
				57AA7FD61FFD509100D15206 /* Finditi34.png in Resources */,
				57B23EFD1FFD5C5B00228127 /* ani1.png in Resources */,
				57AA7FC41FFD509100D15206 /* Finditi18.png in Resources */,
				57B23F1D1FFD5C5B00228127 /* ani39.png in Resources */,
				57AA7FC91FFD509100D15206 /* Finditi22.png in Resources */,
				57B23F3B1FFD5C5B00228127 /* ani66.png in Resources */,
				57AA7FD81FFD509100D15206 /* Finditi36.png in Resources */,
				57AA7FE61FFD509100D15206 /* Finditi49.png in Resources */,
				57B23F241FFD5C5B00228127 /* ani45.png in Resources */,
				57B23F331FFD5C5B00228127 /* ani59.png in Resources */,
				57AA7FE01FFD509100D15206 /* Finditi43.png in Resources */,
				57B23F051FFD5C5B00228127 /* ani17.png in Resources */,
				57B23F3F1FFD5C5B00228127 /* ani7.png in Resources */,
				57AA7FE41FFD509100D15206 /* Finditi47.png in Resources */,
				57B23F271FFD5C5B00228127 /* ani48.png in Resources */,
				57B23F311FFD5C5B00228127 /* ani57.png in Resources */,
				57B23F021FFD5C5B00228127 /* ani14.png in Resources */,
				57AA7FF41FFD509100D15206 /* Finditi61.png in Resources */,
				57B23F0D1FFD5C5B00228127 /* ani24.png in Resources */,
				57AA7FE71FFD509100D15206 /* Finditi5.png in Resources */,
				57AA7FC11FFD509100D15206 /* Finditi15.png in Resources */,
				57AA7FCD1FFD509100D15206 /* Finditi26.png in Resources */,
				57AA7FDB1FFD509100D15206 /* Finditi39.png in Resources */,
				57B23F2C1FFD5C5B00228127 /* ani52.png in Resources */,
				57B23F281FFD5C5B00228127 /* ani49.png in Resources */,
				57AA7FE11FFD509100D15206 /* Finditi44.png in Resources */,
				57B23F201FFD5C5B00228127 /* ani41.png in Resources */,
				57B23F391FFD5C5B00228127 /* ani64.png in Resources */,
				57AA7FC61FFD509100D15206 /* Finditi2.png in Resources */,
				57AA7FE51FFD509100D15206 /* Finditi48.png in Resources */,
				57B23F3D1FFD5C5B00228127 /* ani68.png in Resources */,
				57B23F2D1FFD5C5B00228127 /* ani53.png in Resources */,
				57B23EFE1FFD5C5B00228127 /* ani10.png in Resources */,
				57AA7FBF1FFD509100D15206 /* Finditi13.png in Resources */,
				57B23F401FFD5C5B00228127 /* ani8.png in Resources */,
				57B23F221FFD5C5B00228127 /* ani43.png in Resources */,
				57B23F1E1FFD5C5B00228127 /* ani4.png in Resources */,
				57AA7FDC1FFD509100D15206 /* Finditi4.png in Resources */,
				57B23F031FFD5C5B00228127 /* ani15.png in Resources */,
				57AA7FFC1FFD509100D15206 /* Finditi69.png in Resources */,
				57AA7FF81FFD509100D15206 /* Finditi65.png in Resources */,
				57AA7FD51FFD509100D15206 /* Finditi33.png in Resources */,
				57B23F071FFD5C5B00228127 /* ani19.png in Resources */,
				57B23F1B1FFD5C5B00228127 /* ani37.png in Resources */,
				57AA7FE91FFD509100D15206 /* Finditi51.png in Resources */,
				57AA7FDA1FFD509100D15206 /* Finditi38.png in Resources */,
				57B23F291FFD5C5B00228127 /* ani5.png in Resources */,
				57B23F3A1FFD5C5B00228127 /* ani65.png in Resources */,
				57AA7FDF1FFD509100D15206 /* Finditi42.png in Resources */,
				57AA7FF71FFD509100D15206 /* Finditi64.png in Resources */,
				57AA7FC01FFD509100D15206 /* Finditi14.png in Resources */,
				57B23F081FFD5C5B00228127 /* ani2.png in Resources */,
				57B23F251FFD5C5B00228127 /* ani46.png in Resources */,
				57B23F0A1FFD5C5B00228127 /* ani21.png in Resources */,
				57AA7FBE1FFD509100D15206 /* Finditi12.png in Resources */,
				57B23F191FFD5C5B00228127 /* ani35.png in Resources */,
				57B23F011FFD5C5B00228127 /* ani13.png in Resources */,
				57B23F361FFD5C5B00228127 /* ani61.png in Resources */,
				57B23F101FFD5C5B00228127 /* ani27.png in Resources */,
				57AA7FFD1FFD509100D15206 /* Finditi7.png in Resources */,
				57B23F2B1FFD5C5B00228127 /* ani51.png in Resources */,
				57B23F351FFD5C5B00228127 /* ani60.png in Resources */,
				57AA7FF31FFD509100D15206 /* Finditi60.png in Resources */,
				57AA7FBD1FFD509100D15206 /* Finditi11.png in Resources */,
				57AA7FEB1FFD509100D15206 /* Finditi53.png in Resources */,
				57AA7FBB1FFD509100D15206 /* Finditi1.png in Resources */,
				7B8F4C1E1FAC73D300E61996 /* LaunchScreen.storyboard in Resources */,
				57AA7FEC1FFD509100D15206 /* Finditi54.png in Resources */,
				57B23F091FFD5C5B00228127 /* ani20.png in Resources */,
				57AA7FC81FFD509100D15206 /* Finditi21.png in Resources */,
				57B23F411FFD5C5B00228127 /* ani9.png in Resources */,
				57B23F111FFD5C5B00228127 /* ani28.png in Resources */,
				57B23F151FFD5C5B00228127 /* ani31.png in Resources */,
				57AA7FCF1FFD509100D15206 /* Finditi28.png in Resources */,
				7B69D0A61FD96E5A0073D6BB /* GoogleService-Info.plist in Resources */,
				57B23F161FFD5C5B00228127 /* ani32.png in Resources */,
				57B23F171FFD5C5B00228127 /* ani33.png in Resources */,
				57B23F341FFD5C5B00228127 /* ani6.png in Resources */,
				57B23F3C1FFD5C5B00228127 /* ani67.png in Resources */,
				57B23F181FFD5C5B00228127 /* ani34.png in Resources */,
				57AA7FF21FFD509100D15206 /* Finditi6.png in Resources */,
				57B23EFF1FFD5C5B00228127 /* ani11.png in Resources */,
				57AA7FDD1FFD509100D15206 /* Finditi40.png in Resources */,
				57B23F1A1FFD5C5B00228127 /* ani36.png in Resources */,
				57B23F1C1FFD5C5B00228127 /* ani38.png in Resources */,
				57AA7FDE1FFD509100D15206 /* Finditi41.png in Resources */,
				7B8F4C1B1FAC73D300E61996 /* Assets.xcassets in Resources */,
				57B23F0F1FFD5C5B00228127 /* ani26.png in Resources */,
				57B23F2A1FFD5C5B00228127 /* ani50.png in Resources */,
				57B23F061FFD5C5B00228127 /* ani18.png in Resources */,
				57AA7FD91FFD509100D15206 /* Finditi37.png in Resources */,
				57AA7FC71FFD509100D15206 /* Finditi20.png in Resources */,
				57AA7FFB1FFD509100D15206 /* Finditi68.png in Resources */,
				57B23F261FFD5C5B00228127 /* ani47.png in Resources */,
				57B23F1F1FFD5C5B00228127 /* ani40.png in Resources */,
				57AA7FF51FFD509100D15206 /* Finditi62.png in Resources */,
				57AA7FD21FFD509100D15206 /* Finditi30.png in Resources */,
				57B23EFC1FFD5C5B00228127 /* ani0.png in Resources */,
				57AA7FC21FFD509100D15206 /* Finditi16.png in Resources */,
				57AA7FEF1FFD509100D15206 /* Finditi57.png in Resources */,
				57AA7FE21FFD509100D15206 /* Finditi45.png in Resources */,
				57AA7FD01FFD509100D15206 /* Finditi29.png in Resources */,
				57AA7FF11FFD509100D15206 /* Finditi59.png in Resources */,
				57AA7FD31FFD509100D15206 /* Finditi31.png in Resources */,
				57B23F371FFD5C5B00228127 /* ani62.png in Resources */,
				57AA7FFE1FFD509100D15206 /* Finditi8.png in Resources */,
				57AA7FD71FFD509100D15206 /* Finditi35.png in Resources */,
				57AA7FF91FFD509100D15206 /* Finditi66.png in Resources */,
				57B23F301FFD5C5B00228127 /* ani56.png in Resources */,
				57B23F2E1FFD5C5B00228127 /* ani54.png in Resources */,
				57AA7FED1FFD509100D15206 /* Finditi55.png in Resources */,
				7B8F4C191FAC73D300E61996 /* Main.storyboard in Resources */,
				57B23F321FFD5C5B00228127 /* ani58.png in Resources */,
				57AA7FBC1FFD509100D15206 /* Finditi10.png in Resources */,
				57AA7FC31FFD509100D15206 /* Finditi17.png in Resources */,
				57B23F141FFD5C5B00228127 /* ani30.png in Resources */,
				57AA7FFF1FFD509100D15206 /* Finditi9.png in Resources */,
				57AA7FE81FFD509100D15206 /* Finditi50.png in Resources */,
				57AA7FCB1FFD509100D15206 /* Finditi24.png in Resources */,
				57AA7FEE1FFD509100D15206 /* Finditi56.png in Resources */,
				57AA7FEA1FFD509100D15206 /* Finditi52.png in Resources */,
				57B23F121FFD5C5B00228127 /* ani29.png in Resources */,
			);
			runOnlyForDeploymentPostprocessing = 0;
		};
/* End PBXResourcesBuildPhase section */

/* Begin PBXShellScriptBuildPhase section */
		08A9C353550DFAEF8C475F23 /* [CP] Copy Pods Resources */ = {
			isa = PBXShellScriptBuildPhase;
			buildActionMask = 2147483647;
			files = (
			);
			inputPaths = (
			);
			name = "[CP] Copy Pods Resources";
			outputPaths = (
			);
			runOnlyForDeploymentPostprocessing = 0;
			shellPath = /bin/sh;
			shellScript = "\"${SRCROOT}/Pods/Target Support Files/Pods-FindIt xcode 8.3/Pods-FindIt xcode 8.3-resources.sh\"\n";
			showEnvVarsInLog = 0;
		};
		A87835AEECEE7EDCB5EAF25F /* [CP] Embed Pods Frameworks */ = {
			isa = PBXShellScriptBuildPhase;
			buildActionMask = 2147483647;
			files = (
			);
			inputPaths = (
			);
			name = "[CP] Embed Pods Frameworks";
			outputPaths = (
			);
			runOnlyForDeploymentPostprocessing = 0;
			shellPath = /bin/sh;
			shellScript = "\"${SRCROOT}/Pods/Target Support Files/Pods-FindIt xcode 8.3/Pods-FindIt xcode 8.3-frameworks.sh\"\n";
			showEnvVarsInLog = 0;
		};
		AE13D697984530AF804B0740 /* [CP] Check Pods Manifest.lock */ = {
			isa = PBXShellScriptBuildPhase;
			buildActionMask = 2147483647;
			files = (
			);
			inputPaths = (
			);
			name = "[CP] Check Pods Manifest.lock";
			outputPaths = (
			);
			runOnlyForDeploymentPostprocessing = 0;
			shellPath = /bin/sh;
			shellScript = "diff \"${PODS_ROOT}/../Podfile.lock\" \"${PODS_ROOT}/Manifest.lock\" > /dev/null\nif [ $? != 0 ] ; then\n    # print error to STDERR\n    echo \"error: The sandbox is not in sync with the Podfile.lock. Run 'pod install' or update your CocoaPods installation.\" >&2\n    exit 1\nfi\n";
			showEnvVarsInLog = 0;
		};
/* End PBXShellScriptBuildPhase section */

/* Begin PBXSourcesBuildPhase section */
		7B8F4C0C1FAC73D300E61996 /* Sources */ = {
			isa = PBXSourcesBuildPhase;
			buildActionMask = 2147483647;
			files = (
				7B17CFB21FAC78BE00394879 /* MessagesCell.swift in Sources */,
				7B3A4D181FB89EAD00E5DDBF /* Model.xcdatamodeld in Sources */,
				7B17CFA21FAC77F000394879 /* EveryUser.swift in Sources */,
				7B45D7BB1FED075A00A5A6A6 /* NewSearchResults.swift in Sources */,
				7BBF48B71FC8759E005414C1 /* FirstPage.swift in Sources */,
				7BEB4BF31FCD894300D1B990 /* SecondPage.swift in Sources */,
				7B17CF931FAC76F000394879 /* TabBarController.swift in Sources */,
				7B17CFB61FAC78E400394879 /* PostInfoCell.swift in Sources */,
				7B4B06B61FC5DA5D005320B0 /* PostInfoStuff.swift in Sources */,
				7B17CFB41FAC78CE00394879 /* InfoCell.swift in Sources */,
				7BBF48BB1FC9843D005414C1 /* Variables.swift in Sources */,
				7B18EF101FAF2C6A007742F4 /* FoundItemsMap.swift in Sources */,
				7BBF48B91FC8798D005414C1 /* AllItemsTableViewCell.swift in Sources */,
				7B7E851A1FD6CAF80085C8F9 /* FollowedItems.swift in Sources */,
				7BA44FC61FB115EE00667DA6 /* NavController.swift in Sources */,
				7B17CF9D1FAC77B400394879 /* Chat.swift in Sources */,
				7BDEA9A51FEA67FE0090CB79 /* MyItemsCell.swift in Sources */,
				7BB5AAF31FADDC86004BA02F /* MapController.swift in Sources */,
				7B17CFAD1FAC788700394879 /* MessagesController.swift in Sources */,
				7B45D7BF1FED738100A5A6A6 /* SearchedLostCell.swift in Sources */,
				7B17CFA01FAC77D900394879 /* Userr.swift in Sources */,
				7BC2F9031FD033E900D0AE88 /* SearchResults.swift in Sources */,
				7B17CFA41FAC780300394879 /* Messages.swift in Sources */,
				7BA44FCA1FB1CAEC00667DA6 /* MoreCell.swift in Sources */,
				7B17CFA61FAC782300394879 /* Extensions.swift in Sources */,
				7B17CF951FAC773B00394879 /* AddItemController.swift in Sources */,
				7B8F4C141FAC73D300E61996 /* AppDelegate.swift in Sources */,
				7B45D7BD1FED433C00A5A6A6 /* SearchedFoundCell.swift in Sources */,
				7BBF48B31FC8735F005414C1 /* AllItemsCollectionViewCell.swift in Sources */,
				7BEB4BF51FCD8B7500D1B990 /* MyCell.swift in Sources */,
				7B81EF8D1FBEF06E0036F982 /* AddCommentController.swift in Sources */,
				7BE2B0721FCB0E6500418B11 /* AllLostItems.swift in Sources */,
				7B17CF971FAC775700394879 /* LoginRegister.swift in Sources */,
				7B17CF991FAC776A00394879 /* PostInfo.swift in Sources */,
			);
			runOnlyForDeploymentPostprocessing = 0;
		};
/* End PBXSourcesBuildPhase section */

/* Begin PBXVariantGroup section */
		7B8F4C171FAC73D300E61996 /* Main.storyboard */ = {
			isa = PBXVariantGroup;
			children = (
				7B8F4C181FAC73D300E61996 /* Base */,
			);
			name = Main.storyboard;
			sourceTree = "<group>";
		};
		7B8F4C1C1FAC73D300E61996 /* LaunchScreen.storyboard */ = {
			isa = PBXVariantGroup;
			children = (
				7B8F4C1D1FAC73D300E61996 /* Base */,
			);
			name = LaunchScreen.storyboard;
			sourceTree = "<group>";
		};
/* End PBXVariantGroup section */

/* Begin XCBuildConfiguration section */
		7B8F4C201FAC73D300E61996 /* Debug */ = {
			isa = XCBuildConfiguration;
			buildSettings = {
				ALWAYS_SEARCH_USER_PATHS = NO;
				CLANG_ANALYZER_NONNULL = YES;
				CLANG_ANALYZER_NUMBER_OBJECT_CONVERSION = YES_AGGRESSIVE;
				CLANG_CXX_LANGUAGE_STANDARD = "gnu++0x";
				CLANG_CXX_LIBRARY = "libc++";
				CLANG_ENABLE_MODULES = YES;
				CLANG_ENABLE_OBJC_ARC = YES;
				CLANG_WARN_BOOL_CONVERSION = YES;
				CLANG_WARN_CONSTANT_CONVERSION = YES;
				CLANG_WARN_DIRECT_OBJC_ISA_USAGE = YES_ERROR;
				CLANG_WARN_DOCUMENTATION_COMMENTS = YES;
				CLANG_WARN_EMPTY_BODY = YES;
				CLANG_WARN_ENUM_CONVERSION = YES;
				CLANG_WARN_INFINITE_RECURSION = YES;
				CLANG_WARN_INT_CONVERSION = YES;
				CLANG_WARN_OBJC_ROOT_CLASS = YES_ERROR;
				CLANG_WARN_SUSPICIOUS_MOVE = YES;
				CLANG_WARN_UNREACHABLE_CODE = YES;
				CLANG_WARN__DUPLICATE_METHOD_MATCH = YES;
				"CODE_SIGN_IDENTITY[sdk=iphoneos*]" = "iPhone Developer";
				COPY_PHASE_STRIP = NO;
				DEBUG_INFORMATION_FORMAT = dwarf;
				ENABLE_STRICT_OBJC_MSGSEND = YES;
				ENABLE_TESTABILITY = YES;
				GCC_C_LANGUAGE_STANDARD = gnu99;
				GCC_DYNAMIC_NO_PIC = NO;
				GCC_NO_COMMON_BLOCKS = YES;
				GCC_OPTIMIZATION_LEVEL = 0;
				GCC_PREPROCESSOR_DEFINITIONS = (
					"DEBUG=1",
					"$(inherited)",
				);
				GCC_WARN_64_TO_32_BIT_CONVERSION = YES;
				GCC_WARN_ABOUT_RETURN_TYPE = YES_ERROR;
				GCC_WARN_UNDECLARED_SELECTOR = YES;
				GCC_WARN_UNINITIALIZED_AUTOS = YES_AGGRESSIVE;
				GCC_WARN_UNUSED_FUNCTION = YES;
				GCC_WARN_UNUSED_VARIABLE = YES;
				IPHONEOS_DEPLOYMENT_TARGET = 10.3;
				MTL_ENABLE_DEBUG_INFO = YES;
				ONLY_ACTIVE_ARCH = YES;
				SDKROOT = iphoneos;
				SWIFT_ACTIVE_COMPILATION_CONDITIONS = DEBUG;
				SWIFT_OPTIMIZATION_LEVEL = "-Onone";
				TARGETED_DEVICE_FAMILY = "1,2";
			};
			name = Debug;
		};
		7B8F4C211FAC73D300E61996 /* Release */ = {
			isa = XCBuildConfiguration;
			buildSettings = {
				ALWAYS_SEARCH_USER_PATHS = NO;
				CLANG_ANALYZER_NONNULL = YES;
				CLANG_ANALYZER_NUMBER_OBJECT_CONVERSION = YES_AGGRESSIVE;
				CLANG_CXX_LANGUAGE_STANDARD = "gnu++0x";
				CLANG_CXX_LIBRARY = "libc++";
				CLANG_ENABLE_MODULES = YES;
				CLANG_ENABLE_OBJC_ARC = YES;
				CLANG_WARN_BOOL_CONVERSION = YES;
				CLANG_WARN_CONSTANT_CONVERSION = YES;
				CLANG_WARN_DIRECT_OBJC_ISA_USAGE = YES_ERROR;
				CLANG_WARN_DOCUMENTATION_COMMENTS = YES;
				CLANG_WARN_EMPTY_BODY = YES;
				CLANG_WARN_ENUM_CONVERSION = YES;
				CLANG_WARN_INFINITE_RECURSION = YES;
				CLANG_WARN_INT_CONVERSION = YES;
				CLANG_WARN_OBJC_ROOT_CLASS = YES_ERROR;
				CLANG_WARN_SUSPICIOUS_MOVE = YES;
				CLANG_WARN_UNREACHABLE_CODE = YES;
				CLANG_WARN__DUPLICATE_METHOD_MATCH = YES;
				"CODE_SIGN_IDENTITY[sdk=iphoneos*]" = "iPhone Developer";
				COPY_PHASE_STRIP = NO;
				DEBUG_INFORMATION_FORMAT = "dwarf-with-dsym";
				ENABLE_NS_ASSERTIONS = NO;
				ENABLE_STRICT_OBJC_MSGSEND = YES;
				GCC_C_LANGUAGE_STANDARD = gnu99;
				GCC_NO_COMMON_BLOCKS = YES;
				GCC_WARN_64_TO_32_BIT_CONVERSION = YES;
				GCC_WARN_ABOUT_RETURN_TYPE = YES_ERROR;
				GCC_WARN_UNDECLARED_SELECTOR = YES;
				GCC_WARN_UNINITIALIZED_AUTOS = YES_AGGRESSIVE;
				GCC_WARN_UNUSED_FUNCTION = YES;
				GCC_WARN_UNUSED_VARIABLE = YES;
				IPHONEOS_DEPLOYMENT_TARGET = 10.3;
				MTL_ENABLE_DEBUG_INFO = NO;
				SDKROOT = iphoneos;
				SWIFT_OPTIMIZATION_LEVEL = "-Owholemodule";
				TARGETED_DEVICE_FAMILY = "1,2";
				VALIDATE_PRODUCT = YES;
			};
			name = Release;
		};
		7B8F4C231FAC73D300E61996 /* Debug */ = {
			isa = XCBuildConfiguration;
			baseConfigurationReference = E8EB56E139CF549CAD1410C0 /* Pods-FindIt xcode 8.3.debug.xcconfig */;
			buildSettings = {
				ASSETCATALOG_COMPILER_APPICON_NAME = AppIcon;
				DEVELOPMENT_TEAM = 9Q3Y7NC9M5;
				FRAMEWORK_SEARCH_PATHS = (
					"$(inherited)",
					"$(PROJECT_DIR)",
					"$(PROJECT_DIR)/FindIt\\ xcode\\ 8.3",
				);
				INFOPLIST_FILE = "FindIt xcode 8.3/Info.plist";
				IPHONEOS_DEPLOYMENT_TARGET = 9.3;
				LD_RUNPATH_SEARCH_PATHS = "$(inherited) @executable_path/Frameworks";
				PRODUCT_BUNDLE_IDENTIFIER = "Mapro.FindIt-xcode-8-3";
				PRODUCT_NAME = "$(TARGET_NAME)";
				SWIFT_VERSION = 3.0;
			};
			name = Debug;
		};
		7B8F4C241FAC73D300E61996 /* Release */ = {
			isa = XCBuildConfiguration;
			baseConfigurationReference = B05427D3E50F16747F586ED0 /* Pods-FindIt xcode 8.3.release.xcconfig */;
			buildSettings = {
				ASSETCATALOG_COMPILER_APPICON_NAME = AppIcon;
				DEVELOPMENT_TEAM = 9Q3Y7NC9M5;
				FRAMEWORK_SEARCH_PATHS = (
					"$(inherited)",
					"$(PROJECT_DIR)",
					"$(PROJECT_DIR)/FindIt\\ xcode\\ 8.3",
				);
				INFOPLIST_FILE = "FindIt xcode 8.3/Info.plist";
				IPHONEOS_DEPLOYMENT_TARGET = 9.3;
				LD_RUNPATH_SEARCH_PATHS = "$(inherited) @executable_path/Frameworks";
				PRODUCT_BUNDLE_IDENTIFIER = "Mapro.FindIt-xcode-8-3";
				PRODUCT_NAME = "$(TARGET_NAME)";
				SWIFT_VERSION = 3.0;
			};
			name = Release;
		};
/* End XCBuildConfiguration section */

/* Begin XCConfigurationList section */
		7B8F4C0B1FAC73D300E61996 /* Build configuration list for PBXProject "FindIt xcode 8.3" */ = {
			isa = XCConfigurationList;
			buildConfigurations = (
				7B8F4C201FAC73D300E61996 /* Debug */,
				7B8F4C211FAC73D300E61996 /* Release */,
			);
			defaultConfigurationIsVisible = 0;
			defaultConfigurationName = Release;
		};
		7B8F4C221FAC73D300E61996 /* Build configuration list for PBXNativeTarget "FindIt xcode 8.3" */ = {
			isa = XCConfigurationList;
			buildConfigurations = (
				7B8F4C231FAC73D300E61996 /* Debug */,
				7B8F4C241FAC73D300E61996 /* Release */,
			);
			defaultConfigurationIsVisible = 0;
			defaultConfigurationName = Release;
		};
/* End XCConfigurationList section */

/* Begin XCVersionGroup section */
		7B3A4D161FB89EAD00E5DDBF /* Model.xcdatamodeld */ = {
			isa = XCVersionGroup;
			children = (
				7B3A4D171FB89EAD00E5DDBF /* Model.xcdatamodel */,
			);
			currentVersion = 7B3A4D171FB89EAD00E5DDBF /* Model.xcdatamodel */;
			path = Model.xcdatamodeld;
			sourceTree = "<group>";
			versionGroupType = wrapper.xcdatamodel;
		};
/* End XCVersionGroup section */
	};
	rootObject = 7B8F4C081FAC73D300E61996 /* Project object */;
}
